<?xml version="1.0" encoding="utf-8"?>
<Project ToolsVersion="17.0" xmlns="http://schemas.microsoft.com/developer/msbuild/2003">
  <ItemGroup>
    <CustomBuild Include="G:\ythpt\libecl-datapro-py\ecllib\ecl\CMakeFiles\02ad62b3a678462464df61bcd49a4962\__init__.py.rule">
      <Filter>CMake Rules</Filter>
    </CustomBuild>
    <CustomBuild Include="G:\ythpt\libecl-datapro-py\ecllib\ecl\CMakeFiles\02ad62b3a678462464df61bcd49a4962\bool_vector.py.rule">
      <Filter>CMake Rules</Filter>
    </CustomBuild>
    <CustomBuild Include="G:\ythpt\libecl-datapro-py\ecllib\ecl\CMakeFiles\02ad62b3a678462464df61bcd49a4962\ctime.py.rule">
      <Filter>CMake Rules</Filter>
    </CustomBuild>
    <CustomBuild Include="G:\ythpt\libecl-datapro-py\ecllib\ecl\CMakeFiles\02ad62b3a678462464df61bcd49a4962\cwd_context.py.rule">
      <Filter>CMake Rules</Filter>
    </CustomBuild>
    <CustomBuild Include="G:\ythpt\libecl-datapro-py\ecllib\ecl\CMakeFiles\02ad62b3a678462464df61bcd49a4962\double_vector.py.rule">
      <Filter>CMake Rules</Filter>
    </CustomBuild>
    <CustomBuild Include="G:\ythpt\libecl-datapro-py\ecllib\ecl\CMakeFiles\02ad62b3a678462464df61bcd49a4962\hash.py.rule">
      <Filter>CMake Rules</Filter>
    </CustomBuild>
    <CustomBuild Include="G:\ythpt\libecl-datapro-py\ecllib\ecl\CMakeFiles\02ad62b3a678462464df61bcd49a4962\install_abort_signals.py.rule">
      <Filter>CMake Rules</Filter>
    </CustomBuild>
    <CustomBuild Include="G:\ythpt\libecl-datapro-py\ecllib\ecl\CMakeFiles\02ad62b3a678462464df61bcd49a4962\int_vector.py.rule">
      <Filter>CMake Rules</Filter>
    </CustomBuild>
    <CustomBuild Include="G:\ythpt\libecl-datapro-py\ecllib\ecl\CMakeFiles\02ad62b3a678462464df61bcd49a4962\lookup_table.py.rule">
      <Filter>CMake Rules</Filter>
    </CustomBuild>
    <CustomBuild Include="G:\ythpt\libecl-datapro-py\ecllib\ecl\CMakeFiles\02ad62b3a678462464df61bcd49a4962\permutation_vector.py.rule">
      <Filter>CMake Rules</Filter>
    </CustomBuild>
    <CustomBuild Include="G:\ythpt\libecl-datapro-py\ecllib\ecl\CMakeFiles\02ad62b3a678462464df61bcd49a4962\rng.py.rule">
      <Filter>CMake Rules</Filter>
    </CustomBuild>
    <CustomBuild Include="G:\ythpt\libecl-datapro-py\ecllib\ecl\CMakeFiles\02ad62b3a678462464df61bcd49a4962\stringlist.py.rule">
      <Filter>CMake Rules</Filter>
    </CustomBuild>
    <CustomBuild Include="G:\ythpt\libecl-datapro-py\ecllib\ecl\CMakeFiles\02ad62b3a678462464df61bcd49a4962\thread_pool.py.rule">
      <Filter>CMake Rules</Filter>
    </CustomBuild>
    <CustomBuild Include="G:\ythpt\libecl-datapro-py\ecllib\ecl\CMakeFiles\02ad62b3a678462464df61bcd49a4962\time_vector.py.rule">
      <Filter>CMake Rules</Filter>
    </CustomBuild>
    <CustomBuild Include="G:\ythpt\libecl-datapro-py\ecllib\ecl\CMakeFiles\02ad62b3a678462464df61bcd49a4962\util_func.py.rule">
      <Filter>CMake Rules</Filter>
    </CustomBuild>
    <CustomBuild Include="G:\ythpt\libecl-datapro-py\ecllib\ecl\CMakeFiles\02ad62b3a678462464df61bcd49a4962\vector_template.py.rule">
      <Filter>CMake Rules</Filter>
    </CustomBuild>
    <CustomBuild Include="G:\ythpt\libecl-datapro-py\ecllib\ecl\CMakeFiles\02ad62b3a678462464df61bcd49a4962\version.py.rule">
      <Filter>CMake Rules</Filter>
    </CustomBuild>
    <CustomBuild Include="G:\ythpt\libecl-datapro-py\ecllib\ecl\CMakeFiles\2245d569bee471b2902b27fdb12992e9\python.ecl.util.util.rule">
      <Filter>CMake Rules</Filter>
    </CustomBuild>
    <CustomBuild Include="G:\ythpt\libecl-datapro-py\ecllib\ecl\python\ecl\util\util\CMakeLists.txt" />
  </ItemGroup>
  <ItemGroup>
    <None Include="G:\ythpt\libecl-datapro-py\ecllib\ecl\python\ecl\util\util\CMakeFiles\python.ecl.util.util" />
  </ItemGroup>
  <ItemGroup>
    <Filter Include="CMake Rules">
      <UniqueIdentifier>{AFF0B4AA-12C0-373A-9998-7BFF8B94F63A}</UniqueIdentifier>
    </Filter>
  </ItemGroup>
</Project>
