
Microsoft Visual Studio Solution File, Format Version 12.00
# Visual Studio Version 17
VisualStudioVersion = 17.1.32210.238
MinimumVisualStudioVersion = 10.0.40219.1
Project("{8BC9CEB8-8B4A-11D0-8D11-00A0C91BC942}") = "ALL_BUILD", "ALL_BUILD.vcxproj", "{71D531A0-3D2B-3F5B-80C4-31238A75646E}"
	ProjectSection(ProjectDependencies) = postProject
		{DB3EF76E-D0FC-3113-93B5-B8AC8A33D939} = {DB3EF76E-D0FC-3113-93B5-B8AC8A33D939}
		{3AE325EB-9A25-3513-AEF6-5F1F8155D844} = {3AE325EB-9A25-3513-AEF6-5F1F8155D844}
		{46122A8B-AB77-3910-98D0-98566EC2A5BA} = {46122A8B-AB77-3910-98D0-98566EC2A5BA}
		{4AAF0903-1A90-352D-90E4-29AB15A80F88} = {4AAF0903-1A90-352D-90E4-29AB15A80F88}
		{E9351AB1-0EEF-3FA8-8E10-4ABA7C0BAB70} = {E9351AB1-0EEF-3FA8-8E10-4ABA7C0BAB70}
		{09267D7F-3A43-398C-8AB0-A512E764A59E} = {09267D7F-3A43-398C-8AB0-A512E764A59E}
		{EEF8B4D1-3724-31DE-8BFD-FCFC78B8E689} = {EEF8B4D1-3724-31DE-8BFD-FCFC78B8E689}
		{B82FE423-4BA2-30C9-9E1D-6E33420BE8C0} = {B82FE423-4BA2-30C9-9E1D-6E33420BE8C0}
		{267C1D69-7A91-39CD-8A73-BD306968C9FD} = {267C1D69-7A91-39CD-8A73-BD306968C9FD}
		{8FDF352F-21D0-3188-BDE7-1CA1DFDFCD56} = {8FDF352F-21D0-3188-BDE7-1CA1DFDFCD56}
		{86EB5BCC-8997-3437-B1EF-F5DBD4BDCE7D} = {86EB5BCC-8997-3437-B1EF-F5DBD4BDCE7D}
		{75492690-8187-36B7-98D0-AF3F1709BD5A} = {75492690-8187-36B7-98D0-AF3F1709BD5A}
		{636D269A-A7C3-3346-AA9B-49C5BB1510F7} = {636D269A-A7C3-3346-AA9B-49C5BB1510F7}
		{DF99721C-D412-370B-B0E8-01CAF17B01FA} = {DF99721C-D412-370B-B0E8-01CAF17B01FA}
		{BF45EC8F-D635-3516-B5DF-B4A0BFD3C28E} = {BF45EC8F-D635-3516-B5DF-B4A0BFD3C28E}
		{E40B8FA6-9E05-3E0F-9F73-C498DD9D6013} = {E40B8FA6-9E05-3E0F-9F73-C498DD9D6013}
	EndProjectSection
EndProject
Project("{8BC9CEB8-8B4A-11D0-8D11-00A0C91BC942}") = "INSTALL", "INSTALL.vcxproj", "{50F0B734-2644-34F0-91A3-742B94631862}"
	ProjectSection(ProjectDependencies) = postProject
		{71D531A0-3D2B-3F5B-80C4-31238A75646E} = {71D531A0-3D2B-3F5B-80C4-31238A75646E}
		{DB3EF76E-D0FC-3113-93B5-B8AC8A33D939} = {DB3EF76E-D0FC-3113-93B5-B8AC8A33D939}
	EndProjectSection
EndProject
Project("{8BC9CEB8-8B4A-11D0-8D11-00A0C91BC942}") = "RUN_TESTS", "RUN_TESTS.vcxproj", "{273F2ACC-5BF1-3571-837F-48C1BC9B2719}"
	ProjectSection(ProjectDependencies) = postProject
		{DB3EF76E-D0FC-3113-93B5-B8AC8A33D939} = {DB3EF76E-D0FC-3113-93B5-B8AC8A33D939}
	EndProjectSection
EndProject
Project("{8BC9CEB8-8B4A-11D0-8D11-00A0C91BC942}") = "ZERO_CHECK", "ZERO_CHECK.vcxproj", "{DB3EF76E-D0FC-3113-93B5-B8AC8A33D939}"
EndProject
Project("{8BC9CEB8-8B4A-11D0-8D11-00A0C91BC942}") = "ecl", "lib\ecl.vcxproj", "{3AE325EB-9A25-3513-AEF6-5F1F8155D844}"
	ProjectSection(ProjectDependencies) = postProject
		{DB3EF76E-D0FC-3113-93B5-B8AC8A33D939} = {DB3EF76E-D0FC-3113-93B5-B8AC8A33D939}
	EndProjectSection
EndProject
Project("{8BC9CEB8-8B4A-11D0-8D11-00A0C91BC942}") = "python.ecl", "python\ecl\python.ecl.vcxproj", "{46122A8B-AB77-3910-98D0-98566EC2A5BA}"
	ProjectSection(ProjectDependencies) = postProject
		{DB3EF76E-D0FC-3113-93B5-B8AC8A33D939} = {DB3EF76E-D0FC-3113-93B5-B8AC8A33D939}
	EndProjectSection
EndProject
Project("{8BC9CEB8-8B4A-11D0-8D11-00A0C91BC942}") = "python.ecl.eclfile", "python\ecl\eclfile\python.ecl.eclfile.vcxproj", "{4AAF0903-1A90-352D-90E4-29AB15A80F88}"
	ProjectSection(ProjectDependencies) = postProject
		{DB3EF76E-D0FC-3113-93B5-B8AC8A33D939} = {DB3EF76E-D0FC-3113-93B5-B8AC8A33D939}
	EndProjectSection
EndProject
Project("{8BC9CEB8-8B4A-11D0-8D11-00A0C91BC942}") = "python.ecl.gravimetry", "python\ecl\gravimetry\python.ecl.gravimetry.vcxproj", "{E9351AB1-0EEF-3FA8-8E10-4ABA7C0BAB70}"
	ProjectSection(ProjectDependencies) = postProject
		{DB3EF76E-D0FC-3113-93B5-B8AC8A33D939} = {DB3EF76E-D0FC-3113-93B5-B8AC8A33D939}
	EndProjectSection
EndProject
Project("{8BC9CEB8-8B4A-11D0-8D11-00A0C91BC942}") = "python.ecl.grid", "python\ecl\grid\python.ecl.grid.vcxproj", "{09267D7F-3A43-398C-8AB0-A512E764A59E}"
	ProjectSection(ProjectDependencies) = postProject
		{DB3EF76E-D0FC-3113-93B5-B8AC8A33D939} = {DB3EF76E-D0FC-3113-93B5-B8AC8A33D939}
	EndProjectSection
EndProject
Project("{8BC9CEB8-8B4A-11D0-8D11-00A0C91BC942}") = "python.ecl.grid.faults", "python\ecl\grid\faults\python.ecl.grid.faults.vcxproj", "{EEF8B4D1-3724-31DE-8BFD-FCFC78B8E689}"
	ProjectSection(ProjectDependencies) = postProject
		{DB3EF76E-D0FC-3113-93B5-B8AC8A33D939} = {DB3EF76E-D0FC-3113-93B5-B8AC8A33D939}
	EndProjectSection
EndProject
Project("{8BC9CEB8-8B4A-11D0-8D11-00A0C91BC942}") = "python.ecl.rft", "python\ecl\rft\python.ecl.rft.vcxproj", "{B82FE423-4BA2-30C9-9E1D-6E33420BE8C0}"
	ProjectSection(ProjectDependencies) = postProject
		{DB3EF76E-D0FC-3113-93B5-B8AC8A33D939} = {DB3EF76E-D0FC-3113-93B5-B8AC8A33D939}
	EndProjectSection
EndProject
Project("{8BC9CEB8-8B4A-11D0-8D11-00A0C91BC942}") = "python.ecl.summary", "python\ecl\summary\python.ecl.summary.vcxproj", "{267C1D69-7A91-39CD-8A73-BD306968C9FD}"
	ProjectSection(ProjectDependencies) = postProject
		{DB3EF76E-D0FC-3113-93B5-B8AC8A33D939} = {DB3EF76E-D0FC-3113-93B5-B8AC8A33D939}
	EndProjectSection
EndProject
Project("{8BC9CEB8-8B4A-11D0-8D11-00A0C91BC942}") = "python.ecl.util", "python\ecl\util\python.ecl.util.vcxproj", "{8FDF352F-21D0-3188-BDE7-1CA1DFDFCD56}"
	ProjectSection(ProjectDependencies) = postProject
		{DB3EF76E-D0FC-3113-93B5-B8AC8A33D939} = {DB3EF76E-D0FC-3113-93B5-B8AC8A33D939}
	EndProjectSection
EndProject
Project("{8BC9CEB8-8B4A-11D0-8D11-00A0C91BC942}") = "python.ecl.util.enums", "python\ecl\util\enums\python.ecl.util.enums.vcxproj", "{86EB5BCC-8997-3437-B1EF-F5DBD4BDCE7D}"
	ProjectSection(ProjectDependencies) = postProject
		{DB3EF76E-D0FC-3113-93B5-B8AC8A33D939} = {DB3EF76E-D0FC-3113-93B5-B8AC8A33D939}
	EndProjectSection
EndProject
Project("{8BC9CEB8-8B4A-11D0-8D11-00A0C91BC942}") = "python.ecl.util.geometry", "python\ecl\util\geometry\python.ecl.util.geometry.vcxproj", "{75492690-8187-36B7-98D0-AF3F1709BD5A}"
	ProjectSection(ProjectDependencies) = postProject
		{DB3EF76E-D0FC-3113-93B5-B8AC8A33D939} = {DB3EF76E-D0FC-3113-93B5-B8AC8A33D939}
	EndProjectSection
EndProject
Project("{8BC9CEB8-8B4A-11D0-8D11-00A0C91BC942}") = "python.ecl.util.test", "python\ecl\util\test\python.ecl.util.test.vcxproj", "{636D269A-A7C3-3346-AA9B-49C5BB1510F7}"
	ProjectSection(ProjectDependencies) = postProject
		{DB3EF76E-D0FC-3113-93B5-B8AC8A33D939} = {DB3EF76E-D0FC-3113-93B5-B8AC8A33D939}
	EndProjectSection
EndProject
Project("{8BC9CEB8-8B4A-11D0-8D11-00A0C91BC942}") = "python.ecl.util.test.ecl_mock", "python\ecl\util\test\ecl_mock\python.ecl.util.test.ecl_mock.vcxproj", "{DF99721C-D412-370B-B0E8-01CAF17B01FA}"
	ProjectSection(ProjectDependencies) = postProject
		{DB3EF76E-D0FC-3113-93B5-B8AC8A33D939} = {DB3EF76E-D0FC-3113-93B5-B8AC8A33D939}
	EndProjectSection
EndProject
Project("{8BC9CEB8-8B4A-11D0-8D11-00A0C91BC942}") = "python.ecl.util.util", "python\ecl\util\util\python.ecl.util.util.vcxproj", "{BF45EC8F-D635-3516-B5DF-B4A0BFD3C28E}"
	ProjectSection(ProjectDependencies) = postProject
		{DB3EF76E-D0FC-3113-93B5-B8AC8A33D939} = {DB3EF76E-D0FC-3113-93B5-B8AC8A33D939}
	EndProjectSection
EndProject
Project("{8BC9CEB8-8B4A-11D0-8D11-00A0C91BC942}") = "python.ecl.well", "python\ecl\well\python.ecl.well.vcxproj", "{E40B8FA6-9E05-3E0F-9F73-C498DD9D6013}"
	ProjectSection(ProjectDependencies) = postProject
		{DB3EF76E-D0FC-3113-93B5-B8AC8A33D939} = {DB3EF76E-D0FC-3113-93B5-B8AC8A33D939}
	EndProjectSection
EndProject
Global
	GlobalSection(SolutionConfigurationPlatforms) = preSolution
		Debug|Any CPU = Debug|Any CPU
		Debug|x64 = Debug|x64
		Debug|x86 = Debug|x86
		MinSizeRel|Any CPU = MinSizeRel|Any CPU
		MinSizeRel|x64 = MinSizeRel|x64
		MinSizeRel|x86 = MinSizeRel|x86
		Release|Any CPU = Release|Any CPU
		Release|x64 = Release|x64
		Release|x86 = Release|x86
		RelWithDebInfo|Any CPU = RelWithDebInfo|Any CPU
		RelWithDebInfo|x64 = RelWithDebInfo|x64
		RelWithDebInfo|x86 = RelWithDebInfo|x86
	EndGlobalSection
	GlobalSection(ProjectConfigurationPlatforms) = postSolution
		{71D531A0-3D2B-3F5B-80C4-31238A75646E}.Debug|Any CPU.ActiveCfg = Debug|x64
		{71D531A0-3D2B-3F5B-80C4-31238A75646E}.Debug|Any CPU.Build.0 = Debug|x64
		{71D531A0-3D2B-3F5B-80C4-31238A75646E}.Debug|x64.ActiveCfg = Debug|x64
		{71D531A0-3D2B-3F5B-80C4-31238A75646E}.Debug|x64.Build.0 = Debug|x64
		{71D531A0-3D2B-3F5B-80C4-31238A75646E}.Debug|x86.ActiveCfg = Debug|x64
		{71D531A0-3D2B-3F5B-80C4-31238A75646E}.Debug|x86.Build.0 = Debug|x64
		{71D531A0-3D2B-3F5B-80C4-31238A75646E}.MinSizeRel|Any CPU.ActiveCfg = MinSizeRel|x64
		{71D531A0-3D2B-3F5B-80C4-31238A75646E}.MinSizeRel|Any CPU.Build.0 = MinSizeRel|x64
		{71D531A0-3D2B-3F5B-80C4-31238A75646E}.MinSizeRel|x64.ActiveCfg = MinSizeRel|x64
		{71D531A0-3D2B-3F5B-80C4-31238A75646E}.MinSizeRel|x64.Build.0 = MinSizeRel|x64
		{71D531A0-3D2B-3F5B-80C4-31238A75646E}.MinSizeRel|x86.ActiveCfg = MinSizeRel|x64
		{71D531A0-3D2B-3F5B-80C4-31238A75646E}.MinSizeRel|x86.Build.0 = MinSizeRel|x64
		{71D531A0-3D2B-3F5B-80C4-31238A75646E}.Release|Any CPU.ActiveCfg = Release|x64
		{71D531A0-3D2B-3F5B-80C4-31238A75646E}.Release|Any CPU.Build.0 = Release|x64
		{71D531A0-3D2B-3F5B-80C4-31238A75646E}.Release|x64.ActiveCfg = Release|x64
		{71D531A0-3D2B-3F5B-80C4-31238A75646E}.Release|x64.Build.0 = Release|x64
		{71D531A0-3D2B-3F5B-80C4-31238A75646E}.Release|x86.ActiveCfg = Release|x64
		{71D531A0-3D2B-3F5B-80C4-31238A75646E}.Release|x86.Build.0 = Release|x64
		{71D531A0-3D2B-3F5B-80C4-31238A75646E}.RelWithDebInfo|Any CPU.ActiveCfg = RelWithDebInfo|x64
		{71D531A0-3D2B-3F5B-80C4-31238A75646E}.RelWithDebInfo|Any CPU.Build.0 = RelWithDebInfo|x64
		{71D531A0-3D2B-3F5B-80C4-31238A75646E}.RelWithDebInfo|x64.ActiveCfg = RelWithDebInfo|x64
		{71D531A0-3D2B-3F5B-80C4-31238A75646E}.RelWithDebInfo|x64.Build.0 = RelWithDebInfo|x64
		{71D531A0-3D2B-3F5B-80C4-31238A75646E}.RelWithDebInfo|x86.ActiveCfg = RelWithDebInfo|x64
		{71D531A0-3D2B-3F5B-80C4-31238A75646E}.RelWithDebInfo|x86.Build.0 = RelWithDebInfo|x64
		{50F0B734-2644-34F0-91A3-742B94631862}.Debug|Any CPU.ActiveCfg = Debug|x64
		{50F0B734-2644-34F0-91A3-742B94631862}.Debug|Any CPU.Build.0 = Debug|x64
		{50F0B734-2644-34F0-91A3-742B94631862}.Debug|x64.ActiveCfg = Debug|x64
		{50F0B734-2644-34F0-91A3-742B94631862}.Debug|x86.ActiveCfg = Debug|x64
		{50F0B734-2644-34F0-91A3-742B94631862}.Debug|x86.Build.0 = Debug|x64
		{50F0B734-2644-34F0-91A3-742B94631862}.MinSizeRel|Any CPU.ActiveCfg = MinSizeRel|x64
		{50F0B734-2644-34F0-91A3-742B94631862}.MinSizeRel|Any CPU.Build.0 = MinSizeRel|x64
		{50F0B734-2644-34F0-91A3-742B94631862}.MinSizeRel|x64.ActiveCfg = MinSizeRel|x64
		{50F0B734-2644-34F0-91A3-742B94631862}.MinSizeRel|x86.ActiveCfg = MinSizeRel|x64
		{50F0B734-2644-34F0-91A3-742B94631862}.MinSizeRel|x86.Build.0 = MinSizeRel|x64
		{50F0B734-2644-34F0-91A3-742B94631862}.Release|Any CPU.ActiveCfg = Release|x64
		{50F0B734-2644-34F0-91A3-742B94631862}.Release|Any CPU.Build.0 = Release|x64
		{50F0B734-2644-34F0-91A3-742B94631862}.Release|x64.ActiveCfg = Release|x64
		{50F0B734-2644-34F0-91A3-742B94631862}.Release|x86.ActiveCfg = Release|x64
		{50F0B734-2644-34F0-91A3-742B94631862}.Release|x86.Build.0 = Release|x64
		{50F0B734-2644-34F0-91A3-742B94631862}.RelWithDebInfo|Any CPU.ActiveCfg = RelWithDebInfo|x64
		{50F0B734-2644-34F0-91A3-742B94631862}.RelWithDebInfo|Any CPU.Build.0 = RelWithDebInfo|x64
		{50F0B734-2644-34F0-91A3-742B94631862}.RelWithDebInfo|x64.ActiveCfg = RelWithDebInfo|x64
		{50F0B734-2644-34F0-91A3-742B94631862}.RelWithDebInfo|x86.ActiveCfg = RelWithDebInfo|x64
		{50F0B734-2644-34F0-91A3-742B94631862}.RelWithDebInfo|x86.Build.0 = RelWithDebInfo|x64
		{273F2ACC-5BF1-3571-837F-48C1BC9B2719}.Debug|Any CPU.ActiveCfg = Debug|x64
		{273F2ACC-5BF1-3571-837F-48C1BC9B2719}.Debug|Any CPU.Build.0 = Debug|x64
		{273F2ACC-5BF1-3571-837F-48C1BC9B2719}.Debug|x64.ActiveCfg = Debug|x64
		{273F2ACC-5BF1-3571-837F-48C1BC9B2719}.Debug|x86.ActiveCfg = Debug|x64
		{273F2ACC-5BF1-3571-837F-48C1BC9B2719}.Debug|x86.Build.0 = Debug|x64
		{273F2ACC-5BF1-3571-837F-48C1BC9B2719}.MinSizeRel|Any CPU.ActiveCfg = MinSizeRel|x64
		{273F2ACC-5BF1-3571-837F-48C1BC9B2719}.MinSizeRel|Any CPU.Build.0 = MinSizeRel|x64
		{273F2ACC-5BF1-3571-837F-48C1BC9B2719}.MinSizeRel|x64.ActiveCfg = MinSizeRel|x64
		{273F2ACC-5BF1-3571-837F-48C1BC9B2719}.MinSizeRel|x86.ActiveCfg = MinSizeRel|x64
		{273F2ACC-5BF1-3571-837F-48C1BC9B2719}.MinSizeRel|x86.Build.0 = MinSizeRel|x64
		{273F2ACC-5BF1-3571-837F-48C1BC9B2719}.Release|Any CPU.ActiveCfg = Release|x64
		{273F2ACC-5BF1-3571-837F-48C1BC9B2719}.Release|Any CPU.Build.0 = Release|x64
		{273F2ACC-5BF1-3571-837F-48C1BC9B2719}.Release|x64.ActiveCfg = Release|x64
		{273F2ACC-5BF1-3571-837F-48C1BC9B2719}.Release|x86.ActiveCfg = Release|x64
		{273F2ACC-5BF1-3571-837F-48C1BC9B2719}.Release|x86.Build.0 = Release|x64
		{273F2ACC-5BF1-3571-837F-48C1BC9B2719}.RelWithDebInfo|Any CPU.ActiveCfg = RelWithDebInfo|x64
		{273F2ACC-5BF1-3571-837F-48C1BC9B2719}.RelWithDebInfo|Any CPU.Build.0 = RelWithDebInfo|x64
		{273F2ACC-5BF1-3571-837F-48C1BC9B2719}.RelWithDebInfo|x64.ActiveCfg = RelWithDebInfo|x64
		{273F2ACC-5BF1-3571-837F-48C1BC9B2719}.RelWithDebInfo|x86.ActiveCfg = RelWithDebInfo|x64
		{273F2ACC-5BF1-3571-837F-48C1BC9B2719}.RelWithDebInfo|x86.Build.0 = RelWithDebInfo|x64
		{DB3EF76E-D0FC-3113-93B5-B8AC8A33D939}.Debug|Any CPU.ActiveCfg = Debug|x64
		{DB3EF76E-D0FC-3113-93B5-B8AC8A33D939}.Debug|Any CPU.Build.0 = Debug|x64
		{DB3EF76E-D0FC-3113-93B5-B8AC8A33D939}.Debug|x64.ActiveCfg = Debug|x64
		{DB3EF76E-D0FC-3113-93B5-B8AC8A33D939}.Debug|x64.Build.0 = Debug|x64
		{DB3EF76E-D0FC-3113-93B5-B8AC8A33D939}.Debug|x86.ActiveCfg = Debug|x64
		{DB3EF76E-D0FC-3113-93B5-B8AC8A33D939}.Debug|x86.Build.0 = Debug|x64
		{DB3EF76E-D0FC-3113-93B5-B8AC8A33D939}.MinSizeRel|Any CPU.ActiveCfg = MinSizeRel|x64
		{DB3EF76E-D0FC-3113-93B5-B8AC8A33D939}.MinSizeRel|Any CPU.Build.0 = MinSizeRel|x64
		{DB3EF76E-D0FC-3113-93B5-B8AC8A33D939}.MinSizeRel|x64.ActiveCfg = MinSizeRel|x64
		{DB3EF76E-D0FC-3113-93B5-B8AC8A33D939}.MinSizeRel|x64.Build.0 = MinSizeRel|x64
		{DB3EF76E-D0FC-3113-93B5-B8AC8A33D939}.MinSizeRel|x86.ActiveCfg = MinSizeRel|x64
		{DB3EF76E-D0FC-3113-93B5-B8AC8A33D939}.MinSizeRel|x86.Build.0 = MinSizeRel|x64
		{DB3EF76E-D0FC-3113-93B5-B8AC8A33D939}.Release|Any CPU.ActiveCfg = Release|x64
		{DB3EF76E-D0FC-3113-93B5-B8AC8A33D939}.Release|Any CPU.Build.0 = Release|x64
		{DB3EF76E-D0FC-3113-93B5-B8AC8A33D939}.Release|x64.ActiveCfg = Release|x64
		{DB3EF76E-D0FC-3113-93B5-B8AC8A33D939}.Release|x64.Build.0 = Release|x64
		{DB3EF76E-D0FC-3113-93B5-B8AC8A33D939}.Release|x86.ActiveCfg = Release|x64
		{DB3EF76E-D0FC-3113-93B5-B8AC8A33D939}.Release|x86.Build.0 = Release|x64
		{DB3EF76E-D0FC-3113-93B5-B8AC8A33D939}.RelWithDebInfo|Any CPU.ActiveCfg = RelWithDebInfo|x64
		{DB3EF76E-D0FC-3113-93B5-B8AC8A33D939}.RelWithDebInfo|Any CPU.Build.0 = RelWithDebInfo|x64
		{DB3EF76E-D0FC-3113-93B5-B8AC8A33D939}.RelWithDebInfo|x64.ActiveCfg = RelWithDebInfo|x64
		{DB3EF76E-D0FC-3113-93B5-B8AC8A33D939}.RelWithDebInfo|x64.Build.0 = RelWithDebInfo|x64
		{DB3EF76E-D0FC-3113-93B5-B8AC8A33D939}.RelWithDebInfo|x86.ActiveCfg = RelWithDebInfo|x64
		{DB3EF76E-D0FC-3113-93B5-B8AC8A33D939}.RelWithDebInfo|x86.Build.0 = RelWithDebInfo|x64
		{3AE325EB-9A25-3513-AEF6-5F1F8155D844}.Debug|Any CPU.ActiveCfg = Debug|x64
		{3AE325EB-9A25-3513-AEF6-5F1F8155D844}.Debug|Any CPU.Build.0 = Debug|x64
		{3AE325EB-9A25-3513-AEF6-5F1F8155D844}.Debug|x64.ActiveCfg = Debug|x64
		{3AE325EB-9A25-3513-AEF6-5F1F8155D844}.Debug|x64.Build.0 = Debug|x64
		{3AE325EB-9A25-3513-AEF6-5F1F8155D844}.Debug|x86.ActiveCfg = Debug|x64
		{3AE325EB-9A25-3513-AEF6-5F1F8155D844}.Debug|x86.Build.0 = Debug|x64
		{3AE325EB-9A25-3513-AEF6-5F1F8155D844}.MinSizeRel|Any CPU.ActiveCfg = MinSizeRel|x64
		{3AE325EB-9A25-3513-AEF6-5F1F8155D844}.MinSizeRel|Any CPU.Build.0 = MinSizeRel|x64
		{3AE325EB-9A25-3513-AEF6-5F1F8155D844}.MinSizeRel|x64.ActiveCfg = MinSizeRel|x64
		{3AE325EB-9A25-3513-AEF6-5F1F8155D844}.MinSizeRel|x64.Build.0 = MinSizeRel|x64
		{3AE325EB-9A25-3513-AEF6-5F1F8155D844}.MinSizeRel|x86.ActiveCfg = MinSizeRel|x64
		{3AE325EB-9A25-3513-AEF6-5F1F8155D844}.MinSizeRel|x86.Build.0 = MinSizeRel|x64
		{3AE325EB-9A25-3513-AEF6-5F1F8155D844}.Release|Any CPU.ActiveCfg = Release|x64
		{3AE325EB-9A25-3513-AEF6-5F1F8155D844}.Release|Any CPU.Build.0 = Release|x64
		{3AE325EB-9A25-3513-AEF6-5F1F8155D844}.Release|x64.ActiveCfg = Release|x64
		{3AE325EB-9A25-3513-AEF6-5F1F8155D844}.Release|x64.Build.0 = Release|x64
		{3AE325EB-9A25-3513-AEF6-5F1F8155D844}.Release|x86.ActiveCfg = Release|x64
		{3AE325EB-9A25-3513-AEF6-5F1F8155D844}.Release|x86.Build.0 = Release|x64
		{3AE325EB-9A25-3513-AEF6-5F1F8155D844}.RelWithDebInfo|Any CPU.ActiveCfg = RelWithDebInfo|x64
		{3AE325EB-9A25-3513-AEF6-5F1F8155D844}.RelWithDebInfo|Any CPU.Build.0 = RelWithDebInfo|x64
		{3AE325EB-9A25-3513-AEF6-5F1F8155D844}.RelWithDebInfo|x64.ActiveCfg = RelWithDebInfo|x64
		{3AE325EB-9A25-3513-AEF6-5F1F8155D844}.RelWithDebInfo|x64.Build.0 = RelWithDebInfo|x64
		{3AE325EB-9A25-3513-AEF6-5F1F8155D844}.RelWithDebInfo|x86.ActiveCfg = RelWithDebInfo|x64
		{3AE325EB-9A25-3513-AEF6-5F1F8155D844}.RelWithDebInfo|x86.Build.0 = RelWithDebInfo|x64
		{46122A8B-AB77-3910-98D0-98566EC2A5BA}.Debug|Any CPU.ActiveCfg = Debug|x64
		{46122A8B-AB77-3910-98D0-98566EC2A5BA}.Debug|Any CPU.Build.0 = Debug|x64
		{46122A8B-AB77-3910-98D0-98566EC2A5BA}.Debug|x64.ActiveCfg = Debug|x64
		{46122A8B-AB77-3910-98D0-98566EC2A5BA}.Debug|x64.Build.0 = Debug|x64
		{46122A8B-AB77-3910-98D0-98566EC2A5BA}.Debug|x86.ActiveCfg = Debug|x64
		{46122A8B-AB77-3910-98D0-98566EC2A5BA}.Debug|x86.Build.0 = Debug|x64
		{46122A8B-AB77-3910-98D0-98566EC2A5BA}.MinSizeRel|Any CPU.ActiveCfg = MinSizeRel|x64
		{46122A8B-AB77-3910-98D0-98566EC2A5BA}.MinSizeRel|Any CPU.Build.0 = MinSizeRel|x64
		{46122A8B-AB77-3910-98D0-98566EC2A5BA}.MinSizeRel|x64.ActiveCfg = MinSizeRel|x64
		{46122A8B-AB77-3910-98D0-98566EC2A5BA}.MinSizeRel|x64.Build.0 = MinSizeRel|x64
		{46122A8B-AB77-3910-98D0-98566EC2A5BA}.MinSizeRel|x86.ActiveCfg = MinSizeRel|x64
		{46122A8B-AB77-3910-98D0-98566EC2A5BA}.MinSizeRel|x86.Build.0 = MinSizeRel|x64
		{46122A8B-AB77-3910-98D0-98566EC2A5BA}.Release|Any CPU.ActiveCfg = Release|x64
		{46122A8B-AB77-3910-98D0-98566EC2A5BA}.Release|Any CPU.Build.0 = Release|x64
		{46122A8B-AB77-3910-98D0-98566EC2A5BA}.Release|x64.ActiveCfg = Release|x64
		{46122A8B-AB77-3910-98D0-98566EC2A5BA}.Release|x64.Build.0 = Release|x64
		{46122A8B-AB77-3910-98D0-98566EC2A5BA}.Release|x86.ActiveCfg = Release|x64
		{46122A8B-AB77-3910-98D0-98566EC2A5BA}.Release|x86.Build.0 = Release|x64
		{46122A8B-AB77-3910-98D0-98566EC2A5BA}.RelWithDebInfo|Any CPU.ActiveCfg = RelWithDebInfo|x64
		{46122A8B-AB77-3910-98D0-98566EC2A5BA}.RelWithDebInfo|Any CPU.Build.0 = RelWithDebInfo|x64
		{46122A8B-AB77-3910-98D0-98566EC2A5BA}.RelWithDebInfo|x64.ActiveCfg = RelWithDebInfo|x64
		{46122A8B-AB77-3910-98D0-98566EC2A5BA}.RelWithDebInfo|x64.Build.0 = RelWithDebInfo|x64
		{46122A8B-AB77-3910-98D0-98566EC2A5BA}.RelWithDebInfo|x86.ActiveCfg = RelWithDebInfo|x64
		{46122A8B-AB77-3910-98D0-98566EC2A5BA}.RelWithDebInfo|x86.Build.0 = RelWithDebInfo|x64
		{4AAF0903-1A90-352D-90E4-29AB15A80F88}.Debug|Any CPU.ActiveCfg = Debug|x64
		{4AAF0903-1A90-352D-90E4-29AB15A80F88}.Debug|Any CPU.Build.0 = Debug|x64
		{4AAF0903-1A90-352D-90E4-29AB15A80F88}.Debug|x64.ActiveCfg = Debug|x64
		{4AAF0903-1A90-352D-90E4-29AB15A80F88}.Debug|x64.Build.0 = Debug|x64
		{4AAF0903-1A90-352D-90E4-29AB15A80F88}.Debug|x86.ActiveCfg = Debug|x64
		{4AAF0903-1A90-352D-90E4-29AB15A80F88}.Debug|x86.Build.0 = Debug|x64
		{4AAF0903-1A90-352D-90E4-29AB15A80F88}.MinSizeRel|Any CPU.ActiveCfg = MinSizeRel|x64
		{4AAF0903-1A90-352D-90E4-29AB15A80F88}.MinSizeRel|Any CPU.Build.0 = MinSizeRel|x64
		{4AAF0903-1A90-352D-90E4-29AB15A80F88}.MinSizeRel|x64.ActiveCfg = MinSizeRel|x64
		{4AAF0903-1A90-352D-90E4-29AB15A80F88}.MinSizeRel|x64.Build.0 = MinSizeRel|x64
		{4AAF0903-1A90-352D-90E4-29AB15A80F88}.MinSizeRel|x86.ActiveCfg = MinSizeRel|x64
		{4AAF0903-1A90-352D-90E4-29AB15A80F88}.MinSizeRel|x86.Build.0 = MinSizeRel|x64
		{4AAF0903-1A90-352D-90E4-29AB15A80F88}.Release|Any CPU.ActiveCfg = Release|x64
		{4AAF0903-1A90-352D-90E4-29AB15A80F88}.Release|Any CPU.Build.0 = Release|x64
		{4AAF0903-1A90-352D-90E4-29AB15A80F88}.Release|x64.ActiveCfg = Release|x64
		{4AAF0903-1A90-352D-90E4-29AB15A80F88}.Release|x64.Build.0 = Release|x64
		{4AAF0903-1A90-352D-90E4-29AB15A80F88}.Release|x86.ActiveCfg = Release|x64
		{4AAF0903-1A90-352D-90E4-29AB15A80F88}.Release|x86.Build.0 = Release|x64
		{4AAF0903-1A90-352D-90E4-29AB15A80F88}.RelWithDebInfo|Any CPU.ActiveCfg = RelWithDebInfo|x64
		{4AAF0903-1A90-352D-90E4-29AB15A80F88}.RelWithDebInfo|Any CPU.Build.0 = RelWithDebInfo|x64
		{4AAF0903-1A90-352D-90E4-29AB15A80F88}.RelWithDebInfo|x64.ActiveCfg = RelWithDebInfo|x64
		{4AAF0903-1A90-352D-90E4-29AB15A80F88}.RelWithDebInfo|x64.Build.0 = RelWithDebInfo|x64
		{4AAF0903-1A90-352D-90E4-29AB15A80F88}.RelWithDebInfo|x86.ActiveCfg = RelWithDebInfo|x64
		{4AAF0903-1A90-352D-90E4-29AB15A80F88}.RelWithDebInfo|x86.Build.0 = RelWithDebInfo|x64
		{E9351AB1-0EEF-3FA8-8E10-4ABA7C0BAB70}.Debug|Any CPU.ActiveCfg = Debug|x64
		{E9351AB1-0EEF-3FA8-8E10-4ABA7C0BAB70}.Debug|Any CPU.Build.0 = Debug|x64
		{E9351AB1-0EEF-3FA8-8E10-4ABA7C0BAB70}.Debug|x64.ActiveCfg = Debug|x64
		{E9351AB1-0EEF-3FA8-8E10-4ABA7C0BAB70}.Debug|x64.Build.0 = Debug|x64
		{E9351AB1-0EEF-3FA8-8E10-4ABA7C0BAB70}.Debug|x86.ActiveCfg = Debug|x64
		{E9351AB1-0EEF-3FA8-8E10-4ABA7C0BAB70}.Debug|x86.Build.0 = Debug|x64
		{E9351AB1-0EEF-3FA8-8E10-4ABA7C0BAB70}.MinSizeRel|Any CPU.ActiveCfg = MinSizeRel|x64
		{E9351AB1-0EEF-3FA8-8E10-4ABA7C0BAB70}.MinSizeRel|Any CPU.Build.0 = MinSizeRel|x64
		{E9351AB1-0EEF-3FA8-8E10-4ABA7C0BAB70}.MinSizeRel|x64.ActiveCfg = MinSizeRel|x64
		{E9351AB1-0EEF-3FA8-8E10-4ABA7C0BAB70}.MinSizeRel|x64.Build.0 = MinSizeRel|x64
		{E9351AB1-0EEF-3FA8-8E10-4ABA7C0BAB70}.MinSizeRel|x86.ActiveCfg = MinSizeRel|x64
		{E9351AB1-0EEF-3FA8-8E10-4ABA7C0BAB70}.MinSizeRel|x86.Build.0 = MinSizeRel|x64
		{E9351AB1-0EEF-3FA8-8E10-4ABA7C0BAB70}.Release|Any CPU.ActiveCfg = Release|x64
		{E9351AB1-0EEF-3FA8-8E10-4ABA7C0BAB70}.Release|Any CPU.Build.0 = Release|x64
		{E9351AB1-0EEF-3FA8-8E10-4ABA7C0BAB70}.Release|x64.ActiveCfg = Release|x64
		{E9351AB1-0EEF-3FA8-8E10-4ABA7C0BAB70}.Release|x64.Build.0 = Release|x64
		{E9351AB1-0EEF-3FA8-8E10-4ABA7C0BAB70}.Release|x86.ActiveCfg = Release|x64
		{E9351AB1-0EEF-3FA8-8E10-4ABA7C0BAB70}.Release|x86.Build.0 = Release|x64
		{E9351AB1-0EEF-3FA8-8E10-4ABA7C0BAB70}.RelWithDebInfo|Any CPU.ActiveCfg = RelWithDebInfo|x64
		{E9351AB1-0EEF-3FA8-8E10-4ABA7C0BAB70}.RelWithDebInfo|Any CPU.Build.0 = RelWithDebInfo|x64
		{E9351AB1-0EEF-3FA8-8E10-4ABA7C0BAB70}.RelWithDebInfo|x64.ActiveCfg = RelWithDebInfo|x64
		{E9351AB1-0EEF-3FA8-8E10-4ABA7C0BAB70}.RelWithDebInfo|x64.Build.0 = RelWithDebInfo|x64
		{E9351AB1-0EEF-3FA8-8E10-4ABA7C0BAB70}.RelWithDebInfo|x86.ActiveCfg = RelWithDebInfo|x64
		{E9351AB1-0EEF-3FA8-8E10-4ABA7C0BAB70}.RelWithDebInfo|x86.Build.0 = RelWithDebInfo|x64
		{09267D7F-3A43-398C-8AB0-A512E764A59E}.Debug|Any CPU.ActiveCfg = Debug|x64
		{09267D7F-3A43-398C-8AB0-A512E764A59E}.Debug|Any CPU.Build.0 = Debug|x64
		{09267D7F-3A43-398C-8AB0-A512E764A59E}.Debug|x64.ActiveCfg = Debug|x64
		{09267D7F-3A43-398C-8AB0-A512E764A59E}.Debug|x64.Build.0 = Debug|x64
		{09267D7F-3A43-398C-8AB0-A512E764A59E}.Debug|x86.ActiveCfg = Debug|x64
		{09267D7F-3A43-398C-8AB0-A512E764A59E}.Debug|x86.Build.0 = Debug|x64
		{09267D7F-3A43-398C-8AB0-A512E764A59E}.MinSizeRel|Any CPU.ActiveCfg = MinSizeRel|x64
		{09267D7F-3A43-398C-8AB0-A512E764A59E}.MinSizeRel|Any CPU.Build.0 = MinSizeRel|x64
		{09267D7F-3A43-398C-8AB0-A512E764A59E}.MinSizeRel|x64.ActiveCfg = MinSizeRel|x64
		{09267D7F-3A43-398C-8AB0-A512E764A59E}.MinSizeRel|x64.Build.0 = MinSizeRel|x64
		{09267D7F-3A43-398C-8AB0-A512E764A59E}.MinSizeRel|x86.ActiveCfg = MinSizeRel|x64
		{09267D7F-3A43-398C-8AB0-A512E764A59E}.MinSizeRel|x86.Build.0 = MinSizeRel|x64
		{09267D7F-3A43-398C-8AB0-A512E764A59E}.Release|Any CPU.ActiveCfg = Release|x64
		{09267D7F-3A43-398C-8AB0-A512E764A59E}.Release|Any CPU.Build.0 = Release|x64
		{09267D7F-3A43-398C-8AB0-A512E764A59E}.Release|x64.ActiveCfg = Release|x64
		{09267D7F-3A43-398C-8AB0-A512E764A59E}.Release|x64.Build.0 = Release|x64
		{09267D7F-3A43-398C-8AB0-A512E764A59E}.Release|x86.ActiveCfg = Release|x64
		{09267D7F-3A43-398C-8AB0-A512E764A59E}.Release|x86.Build.0 = Release|x64
		{09267D7F-3A43-398C-8AB0-A512E764A59E}.RelWithDebInfo|Any CPU.ActiveCfg = RelWithDebInfo|x64
		{09267D7F-3A43-398C-8AB0-A512E764A59E}.RelWithDebInfo|Any CPU.Build.0 = RelWithDebInfo|x64
		{09267D7F-3A43-398C-8AB0-A512E764A59E}.RelWithDebInfo|x64.ActiveCfg = RelWithDebInfo|x64
		{09267D7F-3A43-398C-8AB0-A512E764A59E}.RelWithDebInfo|x64.Build.0 = RelWithDebInfo|x64
		{09267D7F-3A43-398C-8AB0-A512E764A59E}.RelWithDebInfo|x86.ActiveCfg = RelWithDebInfo|x64
		{09267D7F-3A43-398C-8AB0-A512E764A59E}.RelWithDebInfo|x86.Build.0 = RelWithDebInfo|x64
		{EEF8B4D1-3724-31DE-8BFD-FCFC78B8E689}.Debug|Any CPU.ActiveCfg = Debug|x64
		{EEF8B4D1-3724-31DE-8BFD-FCFC78B8E689}.Debug|Any CPU.Build.0 = Debug|x64
		{EEF8B4D1-3724-31DE-8BFD-FCFC78B8E689}.Debug|x64.ActiveCfg = Debug|x64
		{EEF8B4D1-3724-31DE-8BFD-FCFC78B8E689}.Debug|x64.Build.0 = Debug|x64
		{EEF8B4D1-3724-31DE-8BFD-FCFC78B8E689}.Debug|x86.ActiveCfg = Debug|x64
		{EEF8B4D1-3724-31DE-8BFD-FCFC78B8E689}.Debug|x86.Build.0 = Debug|x64
		{EEF8B4D1-3724-31DE-8BFD-FCFC78B8E689}.MinSizeRel|Any CPU.ActiveCfg = MinSizeRel|x64
		{EEF8B4D1-3724-31DE-8BFD-FCFC78B8E689}.MinSizeRel|Any CPU.Build.0 = MinSizeRel|x64
		{EEF8B4D1-3724-31DE-8BFD-FCFC78B8E689}.MinSizeRel|x64.ActiveCfg = MinSizeRel|x64
		{EEF8B4D1-3724-31DE-8BFD-FCFC78B8E689}.MinSizeRel|x64.Build.0 = MinSizeRel|x64
		{EEF8B4D1-3724-31DE-8BFD-FCFC78B8E689}.MinSizeRel|x86.ActiveCfg = MinSizeRel|x64
		{EEF8B4D1-3724-31DE-8BFD-FCFC78B8E689}.MinSizeRel|x86.Build.0 = MinSizeRel|x64
		{EEF8B4D1-3724-31DE-8BFD-FCFC78B8E689}.Release|Any CPU.ActiveCfg = Release|x64
		{EEF8B4D1-3724-31DE-8BFD-FCFC78B8E689}.Release|Any CPU.Build.0 = Release|x64
		{EEF8B4D1-3724-31DE-8BFD-FCFC78B8E689}.Release|x64.ActiveCfg = Release|x64
		{EEF8B4D1-3724-31DE-8BFD-FCFC78B8E689}.Release|x64.Build.0 = Release|x64
		{EEF8B4D1-3724-31DE-8BFD-FCFC78B8E689}.Release|x86.ActiveCfg = Release|x64
		{EEF8B4D1-3724-31DE-8BFD-FCFC78B8E689}.Release|x86.Build.0 = Release|x64
		{EEF8B4D1-3724-31DE-8BFD-FCFC78B8E689}.RelWithDebInfo|Any CPU.ActiveCfg = RelWithDebInfo|x64
		{EEF8B4D1-3724-31DE-8BFD-FCFC78B8E689}.RelWithDebInfo|Any CPU.Build.0 = RelWithDebInfo|x64
		{EEF8B4D1-3724-31DE-8BFD-FCFC78B8E689}.RelWithDebInfo|x64.ActiveCfg = RelWithDebInfo|x64
		{EEF8B4D1-3724-31DE-8BFD-FCFC78B8E689}.RelWithDebInfo|x64.Build.0 = RelWithDebInfo|x64
		{EEF8B4D1-3724-31DE-8BFD-FCFC78B8E689}.RelWithDebInfo|x86.ActiveCfg = RelWithDebInfo|x64
		{EEF8B4D1-3724-31DE-8BFD-FCFC78B8E689}.RelWithDebInfo|x86.Build.0 = RelWithDebInfo|x64
		{B82FE423-4BA2-30C9-9E1D-6E33420BE8C0}.Debug|Any CPU.ActiveCfg = Debug|x64
		{B82FE423-4BA2-30C9-9E1D-6E33420BE8C0}.Debug|Any CPU.Build.0 = Debug|x64
		{B82FE423-4BA2-30C9-9E1D-6E33420BE8C0}.Debug|x64.ActiveCfg = Debug|x64
		{B82FE423-4BA2-30C9-9E1D-6E33420BE8C0}.Debug|x64.Build.0 = Debug|x64
		{B82FE423-4BA2-30C9-9E1D-6E33420BE8C0}.Debug|x86.ActiveCfg = Debug|x64
		{B82FE423-4BA2-30C9-9E1D-6E33420BE8C0}.Debug|x86.Build.0 = Debug|x64
		{B82FE423-4BA2-30C9-9E1D-6E33420BE8C0}.MinSizeRel|Any CPU.ActiveCfg = MinSizeRel|x64
		{B82FE423-4BA2-30C9-9E1D-6E33420BE8C0}.MinSizeRel|Any CPU.Build.0 = MinSizeRel|x64
		{B82FE423-4BA2-30C9-9E1D-6E33420BE8C0}.MinSizeRel|x64.ActiveCfg = MinSizeRel|x64
		{B82FE423-4BA2-30C9-9E1D-6E33420BE8C0}.MinSizeRel|x64.Build.0 = MinSizeRel|x64
		{B82FE423-4BA2-30C9-9E1D-6E33420BE8C0}.MinSizeRel|x86.ActiveCfg = MinSizeRel|x64
		{B82FE423-4BA2-30C9-9E1D-6E33420BE8C0}.MinSizeRel|x86.Build.0 = MinSizeRel|x64
		{B82FE423-4BA2-30C9-9E1D-6E33420BE8C0}.Release|Any CPU.ActiveCfg = Release|x64
		{B82FE423-4BA2-30C9-9E1D-6E33420BE8C0}.Release|Any CPU.Build.0 = Release|x64
		{B82FE423-4BA2-30C9-9E1D-6E33420BE8C0}.Release|x64.ActiveCfg = Release|x64
		{B82FE423-4BA2-30C9-9E1D-6E33420BE8C0}.Release|x64.Build.0 = Release|x64
		{B82FE423-4BA2-30C9-9E1D-6E33420BE8C0}.Release|x86.ActiveCfg = Release|x64
		{B82FE423-4BA2-30C9-9E1D-6E33420BE8C0}.Release|x86.Build.0 = Release|x64
		{B82FE423-4BA2-30C9-9E1D-6E33420BE8C0}.RelWithDebInfo|Any CPU.ActiveCfg = RelWithDebInfo|x64
		{B82FE423-4BA2-30C9-9E1D-6E33420BE8C0}.RelWithDebInfo|Any CPU.Build.0 = RelWithDebInfo|x64
		{B82FE423-4BA2-30C9-9E1D-6E33420BE8C0}.RelWithDebInfo|x64.ActiveCfg = RelWithDebInfo|x64
		{B82FE423-4BA2-30C9-9E1D-6E33420BE8C0}.RelWithDebInfo|x64.Build.0 = RelWithDebInfo|x64
		{B82FE423-4BA2-30C9-9E1D-6E33420BE8C0}.RelWithDebInfo|x86.ActiveCfg = RelWithDebInfo|x64
		{B82FE423-4BA2-30C9-9E1D-6E33420BE8C0}.RelWithDebInfo|x86.Build.0 = RelWithDebInfo|x64
		{267C1D69-7A91-39CD-8A73-BD306968C9FD}.Debug|Any CPU.ActiveCfg = Debug|x64
		{267C1D69-7A91-39CD-8A73-BD306968C9FD}.Debug|Any CPU.Build.0 = Debug|x64
		{267C1D69-7A91-39CD-8A73-BD306968C9FD}.Debug|x64.ActiveCfg = Debug|x64
		{267C1D69-7A91-39CD-8A73-BD306968C9FD}.Debug|x64.Build.0 = Debug|x64
		{267C1D69-7A91-39CD-8A73-BD306968C9FD}.Debug|x86.ActiveCfg = Debug|x64
		{267C1D69-7A91-39CD-8A73-BD306968C9FD}.Debug|x86.Build.0 = Debug|x64
		{267C1D69-7A91-39CD-8A73-BD306968C9FD}.MinSizeRel|Any CPU.ActiveCfg = MinSizeRel|x64
		{267C1D69-7A91-39CD-8A73-BD306968C9FD}.MinSizeRel|Any CPU.Build.0 = MinSizeRel|x64
		{267C1D69-7A91-39CD-8A73-BD306968C9FD}.MinSizeRel|x64.ActiveCfg = MinSizeRel|x64
		{267C1D69-7A91-39CD-8A73-BD306968C9FD}.MinSizeRel|x64.Build.0 = MinSizeRel|x64
		{267C1D69-7A91-39CD-8A73-BD306968C9FD}.MinSizeRel|x86.ActiveCfg = MinSizeRel|x64
		{267C1D69-7A91-39CD-8A73-BD306968C9FD}.MinSizeRel|x86.Build.0 = MinSizeRel|x64
		{267C1D69-7A91-39CD-8A73-BD306968C9FD}.Release|Any CPU.ActiveCfg = Release|x64
		{267C1D69-7A91-39CD-8A73-BD306968C9FD}.Release|Any CPU.Build.0 = Release|x64
		{267C1D69-7A91-39CD-8A73-BD306968C9FD}.Release|x64.ActiveCfg = Release|x64
		{267C1D69-7A91-39CD-8A73-BD306968C9FD}.Release|x64.Build.0 = Release|x64
		{267C1D69-7A91-39CD-8A73-BD306968C9FD}.Release|x86.ActiveCfg = Release|x64
		{267C1D69-7A91-39CD-8A73-BD306968C9FD}.Release|x86.Build.0 = Release|x64
		{267C1D69-7A91-39CD-8A73-BD306968C9FD}.RelWithDebInfo|Any CPU.ActiveCfg = RelWithDebInfo|x64
		{267C1D69-7A91-39CD-8A73-BD306968C9FD}.RelWithDebInfo|Any CPU.Build.0 = RelWithDebInfo|x64
		{267C1D69-7A91-39CD-8A73-BD306968C9FD}.RelWithDebInfo|x64.ActiveCfg = RelWithDebInfo|x64
		{267C1D69-7A91-39CD-8A73-BD306968C9FD}.RelWithDebInfo|x64.Build.0 = RelWithDebInfo|x64
		{267C1D69-7A91-39CD-8A73-BD306968C9FD}.RelWithDebInfo|x86.ActiveCfg = RelWithDebInfo|x64
		{267C1D69-7A91-39CD-8A73-BD306968C9FD}.RelWithDebInfo|x86.Build.0 = RelWithDebInfo|x64
		{8FDF352F-21D0-3188-BDE7-1CA1DFDFCD56}.Debug|Any CPU.ActiveCfg = Debug|x64
		{8FDF352F-21D0-3188-BDE7-1CA1DFDFCD56}.Debug|Any CPU.Build.0 = Debug|x64
		{8FDF352F-21D0-3188-BDE7-1CA1DFDFCD56}.Debug|x64.ActiveCfg = Debug|x64
		{8FDF352F-21D0-3188-BDE7-1CA1DFDFCD56}.Debug|x64.Build.0 = Debug|x64
		{8FDF352F-21D0-3188-BDE7-1CA1DFDFCD56}.Debug|x86.ActiveCfg = Debug|x64
		{8FDF352F-21D0-3188-BDE7-1CA1DFDFCD56}.Debug|x86.Build.0 = Debug|x64
		{8FDF352F-21D0-3188-BDE7-1CA1DFDFCD56}.MinSizeRel|Any CPU.ActiveCfg = MinSizeRel|x64
		{8FDF352F-21D0-3188-BDE7-1CA1DFDFCD56}.MinSizeRel|Any CPU.Build.0 = MinSizeRel|x64
		{8FDF352F-21D0-3188-BDE7-1CA1DFDFCD56}.MinSizeRel|x64.ActiveCfg = MinSizeRel|x64
		{8FDF352F-21D0-3188-BDE7-1CA1DFDFCD56}.MinSizeRel|x64.Build.0 = MinSizeRel|x64
		{8FDF352F-21D0-3188-BDE7-1CA1DFDFCD56}.MinSizeRel|x86.ActiveCfg = MinSizeRel|x64
		{8FDF352F-21D0-3188-BDE7-1CA1DFDFCD56}.MinSizeRel|x86.Build.0 = MinSizeRel|x64
		{8FDF352F-21D0-3188-BDE7-1CA1DFDFCD56}.Release|Any CPU.ActiveCfg = Release|x64
		{8FDF352F-21D0-3188-BDE7-1CA1DFDFCD56}.Release|Any CPU.Build.0 = Release|x64
		{8FDF352F-21D0-3188-BDE7-1CA1DFDFCD56}.Release|x64.ActiveCfg = Release|x64
		{8FDF352F-21D0-3188-BDE7-1CA1DFDFCD56}.Release|x64.Build.0 = Release|x64
		{8FDF352F-21D0-3188-BDE7-1CA1DFDFCD56}.Release|x86.ActiveCfg = Release|x64
		{8FDF352F-21D0-3188-BDE7-1CA1DFDFCD56}.Release|x86.Build.0 = Release|x64
		{8FDF352F-21D0-3188-BDE7-1CA1DFDFCD56}.RelWithDebInfo|Any CPU.ActiveCfg = RelWithDebInfo|x64
		{8FDF352F-21D0-3188-BDE7-1CA1DFDFCD56}.RelWithDebInfo|Any CPU.Build.0 = RelWithDebInfo|x64
		{8FDF352F-21D0-3188-BDE7-1CA1DFDFCD56}.RelWithDebInfo|x64.ActiveCfg = RelWithDebInfo|x64
		{8FDF352F-21D0-3188-BDE7-1CA1DFDFCD56}.RelWithDebInfo|x64.Build.0 = RelWithDebInfo|x64
		{8FDF352F-21D0-3188-BDE7-1CA1DFDFCD56}.RelWithDebInfo|x86.ActiveCfg = RelWithDebInfo|x64
		{8FDF352F-21D0-3188-BDE7-1CA1DFDFCD56}.RelWithDebInfo|x86.Build.0 = RelWithDebInfo|x64
		{86EB5BCC-8997-3437-B1EF-F5DBD4BDCE7D}.Debug|Any CPU.ActiveCfg = Debug|x64
		{86EB5BCC-8997-3437-B1EF-F5DBD4BDCE7D}.Debug|Any CPU.Build.0 = Debug|x64
		{86EB5BCC-8997-3437-B1EF-F5DBD4BDCE7D}.Debug|x64.ActiveCfg = Debug|x64
		{86EB5BCC-8997-3437-B1EF-F5DBD4BDCE7D}.Debug|x64.Build.0 = Debug|x64
		{86EB5BCC-8997-3437-B1EF-F5DBD4BDCE7D}.Debug|x86.ActiveCfg = Debug|x64
		{86EB5BCC-8997-3437-B1EF-F5DBD4BDCE7D}.Debug|x86.Build.0 = Debug|x64
		{86EB5BCC-8997-3437-B1EF-F5DBD4BDCE7D}.MinSizeRel|Any CPU.ActiveCfg = MinSizeRel|x64
		{86EB5BCC-8997-3437-B1EF-F5DBD4BDCE7D}.MinSizeRel|Any CPU.Build.0 = MinSizeRel|x64
		{86EB5BCC-8997-3437-B1EF-F5DBD4BDCE7D}.MinSizeRel|x64.ActiveCfg = MinSizeRel|x64
		{86EB5BCC-8997-3437-B1EF-F5DBD4BDCE7D}.MinSizeRel|x64.Build.0 = MinSizeRel|x64
		{86EB5BCC-8997-3437-B1EF-F5DBD4BDCE7D}.MinSizeRel|x86.ActiveCfg = MinSizeRel|x64
		{86EB5BCC-8997-3437-B1EF-F5DBD4BDCE7D}.MinSizeRel|x86.Build.0 = MinSizeRel|x64
		{86EB5BCC-8997-3437-B1EF-F5DBD4BDCE7D}.Release|Any CPU.ActiveCfg = Release|x64
		{86EB5BCC-8997-3437-B1EF-F5DBD4BDCE7D}.Release|Any CPU.Build.0 = Release|x64
		{86EB5BCC-8997-3437-B1EF-F5DBD4BDCE7D}.Release|x64.ActiveCfg = Release|x64
		{86EB5BCC-8997-3437-B1EF-F5DBD4BDCE7D}.Release|x64.Build.0 = Release|x64
		{86EB5BCC-8997-3437-B1EF-F5DBD4BDCE7D}.Release|x86.ActiveCfg = Release|x64
		{86EB5BCC-8997-3437-B1EF-F5DBD4BDCE7D}.Release|x86.Build.0 = Release|x64
		{86EB5BCC-8997-3437-B1EF-F5DBD4BDCE7D}.RelWithDebInfo|Any CPU.ActiveCfg = RelWithDebInfo|x64
		{86EB5BCC-8997-3437-B1EF-F5DBD4BDCE7D}.RelWithDebInfo|Any CPU.Build.0 = RelWithDebInfo|x64
		{86EB5BCC-8997-3437-B1EF-F5DBD4BDCE7D}.RelWithDebInfo|x64.ActiveCfg = RelWithDebInfo|x64
		{86EB5BCC-8997-3437-B1EF-F5DBD4BDCE7D}.RelWithDebInfo|x64.Build.0 = RelWithDebInfo|x64
		{86EB5BCC-8997-3437-B1EF-F5DBD4BDCE7D}.RelWithDebInfo|x86.ActiveCfg = RelWithDebInfo|x64
		{86EB5BCC-8997-3437-B1EF-F5DBD4BDCE7D}.RelWithDebInfo|x86.Build.0 = RelWithDebInfo|x64
		{75492690-8187-36B7-98D0-AF3F1709BD5A}.Debug|Any CPU.ActiveCfg = Debug|x64
		{75492690-8187-36B7-98D0-AF3F1709BD5A}.Debug|Any CPU.Build.0 = Debug|x64
		{75492690-8187-36B7-98D0-AF3F1709BD5A}.Debug|x64.ActiveCfg = Debug|x64
		{75492690-8187-36B7-98D0-AF3F1709BD5A}.Debug|x64.Build.0 = Debug|x64
		{75492690-8187-36B7-98D0-AF3F1709BD5A}.Debug|x86.ActiveCfg = Debug|x64
		{75492690-8187-36B7-98D0-AF3F1709BD5A}.Debug|x86.Build.0 = Debug|x64
		{75492690-8187-36B7-98D0-AF3F1709BD5A}.MinSizeRel|Any CPU.ActiveCfg = MinSizeRel|x64
		{75492690-8187-36B7-98D0-AF3F1709BD5A}.MinSizeRel|Any CPU.Build.0 = MinSizeRel|x64
		{75492690-8187-36B7-98D0-AF3F1709BD5A}.MinSizeRel|x64.ActiveCfg = MinSizeRel|x64
		{75492690-8187-36B7-98D0-AF3F1709BD5A}.MinSizeRel|x64.Build.0 = MinSizeRel|x64
		{75492690-8187-36B7-98D0-AF3F1709BD5A}.MinSizeRel|x86.ActiveCfg = MinSizeRel|x64
		{75492690-8187-36B7-98D0-AF3F1709BD5A}.MinSizeRel|x86.Build.0 = MinSizeRel|x64
		{75492690-8187-36B7-98D0-AF3F1709BD5A}.Release|Any CPU.ActiveCfg = Release|x64
		{75492690-8187-36B7-98D0-AF3F1709BD5A}.Release|Any CPU.Build.0 = Release|x64
		{75492690-8187-36B7-98D0-AF3F1709BD5A}.Release|x64.ActiveCfg = Release|x64
		{75492690-8187-36B7-98D0-AF3F1709BD5A}.Release|x64.Build.0 = Release|x64
		{75492690-8187-36B7-98D0-AF3F1709BD5A}.Release|x86.ActiveCfg = Release|x64
		{75492690-8187-36B7-98D0-AF3F1709BD5A}.Release|x86.Build.0 = Release|x64
		{75492690-8187-36B7-98D0-AF3F1709BD5A}.RelWithDebInfo|Any CPU.ActiveCfg = RelWithDebInfo|x64
		{75492690-8187-36B7-98D0-AF3F1709BD5A}.RelWithDebInfo|Any CPU.Build.0 = RelWithDebInfo|x64
		{75492690-8187-36B7-98D0-AF3F1709BD5A}.RelWithDebInfo|x64.ActiveCfg = RelWithDebInfo|x64
		{75492690-8187-36B7-98D0-AF3F1709BD5A}.RelWithDebInfo|x64.Build.0 = RelWithDebInfo|x64
		{75492690-8187-36B7-98D0-AF3F1709BD5A}.RelWithDebInfo|x86.ActiveCfg = RelWithDebInfo|x64
		{75492690-8187-36B7-98D0-AF3F1709BD5A}.RelWithDebInfo|x86.Build.0 = RelWithDebInfo|x64
		{636D269A-A7C3-3346-AA9B-49C5BB1510F7}.Debug|Any CPU.ActiveCfg = Debug|x64
		{636D269A-A7C3-3346-AA9B-49C5BB1510F7}.Debug|Any CPU.Build.0 = Debug|x64
		{636D269A-A7C3-3346-AA9B-49C5BB1510F7}.Debug|x64.ActiveCfg = Debug|x64
		{636D269A-A7C3-3346-AA9B-49C5BB1510F7}.Debug|x64.Build.0 = Debug|x64
		{636D269A-A7C3-3346-AA9B-49C5BB1510F7}.Debug|x86.ActiveCfg = Debug|x64
		{636D269A-A7C3-3346-AA9B-49C5BB1510F7}.Debug|x86.Build.0 = Debug|x64
		{636D269A-A7C3-3346-AA9B-49C5BB1510F7}.MinSizeRel|Any CPU.ActiveCfg = MinSizeRel|x64
		{636D269A-A7C3-3346-AA9B-49C5BB1510F7}.MinSizeRel|Any CPU.Build.0 = MinSizeRel|x64
		{636D269A-A7C3-3346-AA9B-49C5BB1510F7}.MinSizeRel|x64.ActiveCfg = MinSizeRel|x64
		{636D269A-A7C3-3346-AA9B-49C5BB1510F7}.MinSizeRel|x64.Build.0 = MinSizeRel|x64
		{636D269A-A7C3-3346-AA9B-49C5BB1510F7}.MinSizeRel|x86.ActiveCfg = MinSizeRel|x64
		{636D269A-A7C3-3346-AA9B-49C5BB1510F7}.MinSizeRel|x86.Build.0 = MinSizeRel|x64
		{636D269A-A7C3-3346-AA9B-49C5BB1510F7}.Release|Any CPU.ActiveCfg = Release|x64
		{636D269A-A7C3-3346-AA9B-49C5BB1510F7}.Release|Any CPU.Build.0 = Release|x64
		{636D269A-A7C3-3346-AA9B-49C5BB1510F7}.Release|x64.ActiveCfg = Release|x64
		{636D269A-A7C3-3346-AA9B-49C5BB1510F7}.Release|x64.Build.0 = Release|x64
		{636D269A-A7C3-3346-AA9B-49C5BB1510F7}.Release|x86.ActiveCfg = Release|x64
		{636D269A-A7C3-3346-AA9B-49C5BB1510F7}.Release|x86.Build.0 = Release|x64
		{636D269A-A7C3-3346-AA9B-49C5BB1510F7}.RelWithDebInfo|Any CPU.ActiveCfg = RelWithDebInfo|x64
		{636D269A-A7C3-3346-AA9B-49C5BB1510F7}.RelWithDebInfo|Any CPU.Build.0 = RelWithDebInfo|x64
		{636D269A-A7C3-3346-AA9B-49C5BB1510F7}.RelWithDebInfo|x64.ActiveCfg = RelWithDebInfo|x64
		{636D269A-A7C3-3346-AA9B-49C5BB1510F7}.RelWithDebInfo|x64.Build.0 = RelWithDebInfo|x64
		{636D269A-A7C3-3346-AA9B-49C5BB1510F7}.RelWithDebInfo|x86.ActiveCfg = RelWithDebInfo|x64
		{636D269A-A7C3-3346-AA9B-49C5BB1510F7}.RelWithDebInfo|x86.Build.0 = RelWithDebInfo|x64
		{DF99721C-D412-370B-B0E8-01CAF17B01FA}.Debug|Any CPU.ActiveCfg = Debug|x64
		{DF99721C-D412-370B-B0E8-01CAF17B01FA}.Debug|Any CPU.Build.0 = Debug|x64
		{DF99721C-D412-370B-B0E8-01CAF17B01FA}.Debug|x64.ActiveCfg = Debug|x64
		{DF99721C-D412-370B-B0E8-01CAF17B01FA}.Debug|x64.Build.0 = Debug|x64
		{DF99721C-D412-370B-B0E8-01CAF17B01FA}.Debug|x86.ActiveCfg = Debug|x64
		{DF99721C-D412-370B-B0E8-01CAF17B01FA}.Debug|x86.Build.0 = Debug|x64
		{DF99721C-D412-370B-B0E8-01CAF17B01FA}.MinSizeRel|Any CPU.ActiveCfg = MinSizeRel|x64
		{DF99721C-D412-370B-B0E8-01CAF17B01FA}.MinSizeRel|Any CPU.Build.0 = MinSizeRel|x64
		{DF99721C-D412-370B-B0E8-01CAF17B01FA}.MinSizeRel|x64.ActiveCfg = MinSizeRel|x64
		{DF99721C-D412-370B-B0E8-01CAF17B01FA}.MinSizeRel|x64.Build.0 = MinSizeRel|x64
		{DF99721C-D412-370B-B0E8-01CAF17B01FA}.MinSizeRel|x86.ActiveCfg = MinSizeRel|x64
		{DF99721C-D412-370B-B0E8-01CAF17B01FA}.MinSizeRel|x86.Build.0 = MinSizeRel|x64
		{DF99721C-D412-370B-B0E8-01CAF17B01FA}.Release|Any CPU.ActiveCfg = Release|x64
		{DF99721C-D412-370B-B0E8-01CAF17B01FA}.Release|Any CPU.Build.0 = Release|x64
		{DF99721C-D412-370B-B0E8-01CAF17B01FA}.Release|x64.ActiveCfg = Release|x64
		{DF99721C-D412-370B-B0E8-01CAF17B01FA}.Release|x64.Build.0 = Release|x64
		{DF99721C-D412-370B-B0E8-01CAF17B01FA}.Release|x86.ActiveCfg = Release|x64
		{DF99721C-D412-370B-B0E8-01CAF17B01FA}.Release|x86.Build.0 = Release|x64
		{DF99721C-D412-370B-B0E8-01CAF17B01FA}.RelWithDebInfo|Any CPU.ActiveCfg = RelWithDebInfo|x64
		{DF99721C-D412-370B-B0E8-01CAF17B01FA}.RelWithDebInfo|Any CPU.Build.0 = RelWithDebInfo|x64
		{DF99721C-D412-370B-B0E8-01CAF17B01FA}.RelWithDebInfo|x64.ActiveCfg = RelWithDebInfo|x64
		{DF99721C-D412-370B-B0E8-01CAF17B01FA}.RelWithDebInfo|x64.Build.0 = RelWithDebInfo|x64
		{DF99721C-D412-370B-B0E8-01CAF17B01FA}.RelWithDebInfo|x86.ActiveCfg = RelWithDebInfo|x64
		{DF99721C-D412-370B-B0E8-01CAF17B01FA}.RelWithDebInfo|x86.Build.0 = RelWithDebInfo|x64
		{BF45EC8F-D635-3516-B5DF-B4A0BFD3C28E}.Debug|Any CPU.ActiveCfg = Debug|x64
		{BF45EC8F-D635-3516-B5DF-B4A0BFD3C28E}.Debug|Any CPU.Build.0 = Debug|x64
		{BF45EC8F-D635-3516-B5DF-B4A0BFD3C28E}.Debug|x64.ActiveCfg = Debug|x64
		{BF45EC8F-D635-3516-B5DF-B4A0BFD3C28E}.Debug|x64.Build.0 = Debug|x64
		{BF45EC8F-D635-3516-B5DF-B4A0BFD3C28E}.Debug|x86.ActiveCfg = Debug|x64
		{BF45EC8F-D635-3516-B5DF-B4A0BFD3C28E}.Debug|x86.Build.0 = Debug|x64
		{BF45EC8F-D635-3516-B5DF-B4A0BFD3C28E}.MinSizeRel|Any CPU.ActiveCfg = MinSizeRel|x64
		{BF45EC8F-D635-3516-B5DF-B4A0BFD3C28E}.MinSizeRel|Any CPU.Build.0 = MinSizeRel|x64
		{BF45EC8F-D635-3516-B5DF-B4A0BFD3C28E}.MinSizeRel|x64.ActiveCfg = MinSizeRel|x64
		{BF45EC8F-D635-3516-B5DF-B4A0BFD3C28E}.MinSizeRel|x64.Build.0 = MinSizeRel|x64
		{BF45EC8F-D635-3516-B5DF-B4A0BFD3C28E}.MinSizeRel|x86.ActiveCfg = MinSizeRel|x64
		{BF45EC8F-D635-3516-B5DF-B4A0BFD3C28E}.MinSizeRel|x86.Build.0 = MinSizeRel|x64
		{BF45EC8F-D635-3516-B5DF-B4A0BFD3C28E}.Release|Any CPU.ActiveCfg = Release|x64
		{BF45EC8F-D635-3516-B5DF-B4A0BFD3C28E}.Release|Any CPU.Build.0 = Release|x64
		{BF45EC8F-D635-3516-B5DF-B4A0BFD3C28E}.Release|x64.ActiveCfg = Release|x64
		{BF45EC8F-D635-3516-B5DF-B4A0BFD3C28E}.Release|x64.Build.0 = Release|x64
		{BF45EC8F-D635-3516-B5DF-B4A0BFD3C28E}.Release|x86.ActiveCfg = Release|x64
		{BF45EC8F-D635-3516-B5DF-B4A0BFD3C28E}.Release|x86.Build.0 = Release|x64
		{BF45EC8F-D635-3516-B5DF-B4A0BFD3C28E}.RelWithDebInfo|Any CPU.ActiveCfg = RelWithDebInfo|x64
		{BF45EC8F-D635-3516-B5DF-B4A0BFD3C28E}.RelWithDebInfo|Any CPU.Build.0 = RelWithDebInfo|x64
		{BF45EC8F-D635-3516-B5DF-B4A0BFD3C28E}.RelWithDebInfo|x64.ActiveCfg = RelWithDebInfo|x64
		{BF45EC8F-D635-3516-B5DF-B4A0BFD3C28E}.RelWithDebInfo|x64.Build.0 = RelWithDebInfo|x64
		{BF45EC8F-D635-3516-B5DF-B4A0BFD3C28E}.RelWithDebInfo|x86.ActiveCfg = RelWithDebInfo|x64
		{BF45EC8F-D635-3516-B5DF-B4A0BFD3C28E}.RelWithDebInfo|x86.Build.0 = RelWithDebInfo|x64
		{E40B8FA6-9E05-3E0F-9F73-C498DD9D6013}.Debug|Any CPU.ActiveCfg = Debug|x64
		{E40B8FA6-9E05-3E0F-9F73-C498DD9D6013}.Debug|Any CPU.Build.0 = Debug|x64
		{E40B8FA6-9E05-3E0F-9F73-C498DD9D6013}.Debug|x64.ActiveCfg = Debug|x64
		{E40B8FA6-9E05-3E0F-9F73-C498DD9D6013}.Debug|x64.Build.0 = Debug|x64
		{E40B8FA6-9E05-3E0F-9F73-C498DD9D6013}.Debug|x86.ActiveCfg = Debug|x64
		{E40B8FA6-9E05-3E0F-9F73-C498DD9D6013}.Debug|x86.Build.0 = Debug|x64
		{E40B8FA6-9E05-3E0F-9F73-C498DD9D6013}.MinSizeRel|Any CPU.ActiveCfg = MinSizeRel|x64
		{E40B8FA6-9E05-3E0F-9F73-C498DD9D6013}.MinSizeRel|Any CPU.Build.0 = MinSizeRel|x64
		{E40B8FA6-9E05-3E0F-9F73-C498DD9D6013}.MinSizeRel|x64.ActiveCfg = MinSizeRel|x64
		{E40B8FA6-9E05-3E0F-9F73-C498DD9D6013}.MinSizeRel|x64.Build.0 = MinSizeRel|x64
		{E40B8FA6-9E05-3E0F-9F73-C498DD9D6013}.MinSizeRel|x86.ActiveCfg = MinSizeRel|x64
		{E40B8FA6-9E05-3E0F-9F73-C498DD9D6013}.MinSizeRel|x86.Build.0 = MinSizeRel|x64
		{E40B8FA6-9E05-3E0F-9F73-C498DD9D6013}.Release|Any CPU.ActiveCfg = Release|x64
		{E40B8FA6-9E05-3E0F-9F73-C498DD9D6013}.Release|Any CPU.Build.0 = Release|x64
		{E40B8FA6-9E05-3E0F-9F73-C498DD9D6013}.Release|x64.ActiveCfg = Release|x64
		{E40B8FA6-9E05-3E0F-9F73-C498DD9D6013}.Release|x64.Build.0 = Release|x64
		{E40B8FA6-9E05-3E0F-9F73-C498DD9D6013}.Release|x86.ActiveCfg = Release|x64
		{E40B8FA6-9E05-3E0F-9F73-C498DD9D6013}.Release|x86.Build.0 = Release|x64
		{E40B8FA6-9E05-3E0F-9F73-C498DD9D6013}.RelWithDebInfo|Any CPU.ActiveCfg = RelWithDebInfo|x64
		{E40B8FA6-9E05-3E0F-9F73-C498DD9D6013}.RelWithDebInfo|Any CPU.Build.0 = RelWithDebInfo|x64
		{E40B8FA6-9E05-3E0F-9F73-C498DD9D6013}.RelWithDebInfo|x64.ActiveCfg = RelWithDebInfo|x64
		{E40B8FA6-9E05-3E0F-9F73-C498DD9D6013}.RelWithDebInfo|x64.Build.0 = RelWithDebInfo|x64
		{E40B8FA6-9E05-3E0F-9F73-C498DD9D6013}.RelWithDebInfo|x86.ActiveCfg = RelWithDebInfo|x64
		{E40B8FA6-9E05-3E0F-9F73-C498DD9D6013}.RelWithDebInfo|x86.Build.0 = RelWithDebInfo|x64
	EndGlobalSection
	GlobalSection(SolutionProperties) = preSolution
		HideSolutionNode = FALSE
	EndGlobalSection
	GlobalSection(ExtensibilityGlobals) = postSolution
		SolutionGuid = {CBE23C3A-483A-3CDF-8A23-85D6A45C4F48}
	EndGlobalSection
EndGlobal
