<?xml version="1.0" encoding="utf-8"?>
<Project ToolsVersion="17.0" xmlns="http://schemas.microsoft.com/developer/msbuild/2003">
  <ItemGroup>
    <CustomBuild Include="G:\ythpt\libecl-datapro-py\ecllib\ecl\CMakeFiles\7733660171f7101b1719d654dfef0db2\__init__.py.rule">
      <Filter>CMake Rules</Filter>
    </CustomBuild>
    <CustomBuild Include="G:\ythpt\libecl-datapro-py\ecllib\ecl\CMakeFiles\7733660171f7101b1719d654dfef0db2\ecl_sum_mock.py.rule">
      <Filter>CMake Rules</Filter>
    </CustomBuild>
    <CustomBuild Include="G:\ythpt\libecl-datapro-py\ecllib\ecl\CMakeFiles\76b03f841f8a484daaa818a662786e56\python.ecl.util.test.ecl_mock.rule">
      <Filter>CMake Rules</Filter>
    </CustomBuild>
    <CustomBuild Include="G:\ythpt\libecl-datapro-py\ecllib\ecl\python\ecl\util\test\ecl_mock\CMakeLists.txt" />
  </ItemGroup>
  <ItemGroup>
    <None Include="G:\ythpt\libecl-datapro-py\ecllib\ecl\python\ecl\util\test\ecl_mock\CMakeFiles\python.ecl.util.test.ecl_mock" />
  </ItemGroup>
  <ItemGroup>
    <Filter Include="CMake Rules">
      <UniqueIdentifier>{AFF0B4AA-12C0-373A-9998-7BFF8B94F63A}</UniqueIdentifier>
    </Filter>
  </ItemGroup>
</Project>
