<?xml version="1.0" encoding="utf-8"?>
<Project ToolsVersion="17.0" xmlns="http://schemas.microsoft.com/developer/msbuild/2003">
  <ItemGroup>
    <CustomBuild Include="G:\ythpt\libecl-datapro-py\ecllib\ecl\CMakeFiles\1069345f839e41955dae498d985883e9\__init__.py.rule">
      <Filter>CMake Rules</Filter>
    </CustomBuild>
    <CustomBuild Include="G:\ythpt\libecl-datapro-py\ecllib\ecl\CMakeFiles\1069345f839e41955dae498d985883e9\cell.py.rule">
      <Filter>CMake Rules</Filter>
    </CustomBuild>
    <CustomBuild Include="G:\ythpt\libecl-datapro-py\ecllib\ecl\CMakeFiles\1069345f839e41955dae498d985883e9\ecl_grid.py.rule">
      <Filter>CMake Rules</Filter>
    </CustomBuild>
    <CustomBuild Include="G:\ythpt\libecl-datapro-py\ecllib\ecl\CMakeFiles\1069345f839e41955dae498d985883e9\ecl_grid_generator.py.rule">
      <Filter>CMake Rules</Filter>
    </CustomBuild>
    <CustomBuild Include="G:\ythpt\libecl-datapro-py\ecllib\ecl\CMakeFiles\1069345f839e41955dae498d985883e9\ecl_region.py.rule">
      <Filter>CMake Rules</Filter>
    </CustomBuild>
    <CustomBuild Include="G:\ythpt\libecl-datapro-py\ecllib\ecl\CMakeFiles\9a238e6a94492e97bd7a83e7fd990555\python.ecl.grid.rule">
      <Filter>CMake Rules</Filter>
    </CustomBuild>
    <CustomBuild Include="G:\ythpt\libecl-datapro-py\ecllib\ecl\python\ecl\grid\CMakeLists.txt" />
  </ItemGroup>
  <ItemGroup>
    <None Include="G:\ythpt\libecl-datapro-py\ecllib\ecl\python\ecl\grid\CMakeFiles\python.ecl.grid" />
  </ItemGroup>
  <ItemGroup>
    <Filter Include="CMake Rules">
      <UniqueIdentifier>{AFF0B4AA-12C0-373A-9998-7BFF8B94F63A}</UniqueIdentifier>
    </Filter>
  </ItemGroup>
</Project>
