<?xml version="1.0" encoding="utf-8"?>
<Project ToolsVersion="17.0" xmlns="http://schemas.microsoft.com/developer/msbuild/2003">
  <ItemGroup>
    <ClCompile Include="G:\ythpt\libecl-datapro-py\ecllib\ecl\lib\util\rng.cpp">
      <Filter>Source Files</Filter>
    </ClCompile>
    <ClCompile Include="G:\ythpt\libecl-datapro-py\ecllib\ecl\lib\util\lookup_table.cpp">
      <Filter>Source Files</Filter>
    </ClCompile>
    <ClCompile Include="G:\ythpt\libecl-datapro-py\ecllib\ecl\lib\util\statistics.cpp">
      <Filter>Source Files</Filter>
    </ClCompile>
    <ClCompile Include="G:\ythpt\libecl-datapro-py\ecllib\ecl\lib\util\mzran.cpp">
      <Filter>Source Files</Filter>
    </ClCompile>
    <ClCompile Include="G:\ythpt\libecl-datapro-py\ecllib\ecl\lib\util\hash_node.cpp">
      <Filter>Source Files</Filter>
    </ClCompile>
    <ClCompile Include="G:\ythpt\libecl-datapro-py\ecllib\ecl\lib\util\hash_sll.cpp">
      <Filter>Source Files</Filter>
    </ClCompile>
    <ClCompile Include="G:\ythpt\libecl-datapro-py\ecllib\ecl\lib\util\path.cpp">
      <Filter>Source Files</Filter>
    </ClCompile>
    <ClCompile Include="G:\ythpt\libecl-datapro-py\ecllib\ecl\lib\util\hash.cpp">
      <Filter>Source Files</Filter>
    </ClCompile>
    <ClCompile Include="G:\ythpt\libecl-datapro-py\ecllib\ecl\lib\util\node_data.cpp">
      <Filter>Source Files</Filter>
    </ClCompile>
    <ClCompile Include="G:\ythpt\libecl-datapro-py\ecllib\ecl\lib\util\node_ctype.cpp">
      <Filter>Source Files</Filter>
    </ClCompile>
    <ClCompile Include="G:\ythpt\libecl-datapro-py\ecllib\ecl\lib\util\util.cpp">
      <Filter>Source Files</Filter>
    </ClCompile>
    <ClCompile Include="G:\ythpt\libecl-datapro-py\ecllib\ecl\lib\util\util_abort.cpp">
      <Filter>Source Files</Filter>
    </ClCompile>
    <ClCompile Include="G:\ythpt\libecl-datapro-py\ecllib\ecl\lib\util\util_symlink.cpp">
      <Filter>Source Files</Filter>
    </ClCompile>
    <ClCompile Include="G:\ythpt\libecl-datapro-py\ecllib\ecl\lib\util\util_lfs.c">
      <Filter>Source Files</Filter>
    </ClCompile>
    <ClCompile Include="G:\ythpt\libecl-datapro-py\ecllib\ecl\lib\util\util_unlink.cpp">
      <Filter>Source Files</Filter>
    </ClCompile>
    <ClCompile Include="G:\ythpt\libecl-datapro-py\ecllib\ecl\lib\util\vector.cpp">
      <Filter>Source Files</Filter>
    </ClCompile>
    <ClCompile Include="G:\ythpt\libecl-datapro-py\ecllib\ecl\lib\util\parser.cpp">
      <Filter>Source Files</Filter>
    </ClCompile>
    <ClCompile Include="G:\ythpt\libecl-datapro-py\ecllib\ecl\lib\util\stringlist.cpp">
      <Filter>Source Files</Filter>
    </ClCompile>
    <ClCompile Include="G:\ythpt\libecl-datapro-py\ecllib\ecl\lib\util\buffer.cpp">
      <Filter>Source Files</Filter>
    </ClCompile>
    <ClCompile Include="G:\ythpt\libecl-datapro-py\ecllib\ecl\lib\util\string_util.cpp">
      <Filter>Source Files</Filter>
    </ClCompile>
    <ClCompile Include="G:\ythpt\libecl-datapro-py\ecllib\ecl\lib\util\type_vector_functions.cpp">
      <Filter>Source Files</Filter>
    </ClCompile>
    <ClCompile Include="G:\ythpt\libecl-datapro-py\ecllib\ecl\lib\util\ecl_version.cpp">
      <Filter>Source Files</Filter>
    </ClCompile>
    <ClCompile Include="G:\ythpt\libecl-datapro-py\ecllib\ecl\lib\util\perm_vector.cpp">
      <Filter>Source Files</Filter>
    </ClCompile>
    <ClCompile Include="G:\ythpt\libecl-datapro-py\ecllib\ecl\lib\util\test_util.cpp">
      <Filter>Source Files</Filter>
    </ClCompile>
    <ClCompile Include="G:\ythpt\libecl-datapro-py\ecllib\ecl\lib\util\cxx_string_util.cpp">
      <Filter>Source Files</Filter>
    </ClCompile>
    <ClCompile Include="G:\ythpt\libecl-datapro-py\ecllib\ecl\lib\int_vector.cpp">
      <Filter>Source Files</Filter>
    </ClCompile>
    <ClCompile Include="G:\ythpt\libecl-datapro-py\ecllib\ecl\lib\double_vector.cpp">
      <Filter>Source Files</Filter>
    </ClCompile>
    <ClCompile Include="G:\ythpt\libecl-datapro-py\ecllib\ecl\lib\long_vector.cpp">
      <Filter>Source Files</Filter>
    </ClCompile>
    <ClCompile Include="G:\ythpt\libecl-datapro-py\ecllib\ecl\lib\time_t_vector.cpp">
      <Filter>Source Files</Filter>
    </ClCompile>
    <ClCompile Include="G:\ythpt\libecl-datapro-py\ecllib\ecl\lib\float_vector.cpp">
      <Filter>Source Files</Filter>
    </ClCompile>
    <ClCompile Include="G:\ythpt\libecl-datapro-py\ecllib\ecl\lib\bool_vector.cpp">
      <Filter>Source Files</Filter>
    </ClCompile>
    <ClCompile Include="G:\ythpt\libecl-datapro-py\ecllib\ecl\lib\size_t_vector.cpp">
      <Filter>Source Files</Filter>
    </ClCompile>
    <ClCompile Include="G:\ythpt\libecl-datapro-py\ecllib\ecl\lib\ecl\ecl_rsthead.cpp">
      <Filter>Source Files</Filter>
    </ClCompile>
    <ClCompile Include="G:\ythpt\libecl-datapro-py\ecllib\ecl\lib\ecl\ecl_sum_tstep.cpp">
      <Filter>Source Files</Filter>
    </ClCompile>
    <ClCompile Include="G:\ythpt\libecl-datapro-py\ecllib\ecl\lib\ecl\ecl_rst_file.cpp">
      <Filter>Source Files</Filter>
    </ClCompile>
    <ClCompile Include="G:\ythpt\libecl-datapro-py\ecllib\ecl\lib\ecl\ecl_init_file.cpp">
      <Filter>Source Files</Filter>
    </ClCompile>
    <ClCompile Include="G:\ythpt\libecl-datapro-py\ecllib\ecl\lib\ecl\ecl_grid_cache.cpp">
      <Filter>Source Files</Filter>
    </ClCompile>
    <ClCompile Include="G:\ythpt\libecl-datapro-py\ecllib\ecl\lib\ecl\smspec_node.cpp">
      <Filter>Source Files</Filter>
    </ClCompile>
    <ClCompile Include="G:\ythpt\libecl-datapro-py\ecllib\ecl\lib\ecl\ecl_kw_grdecl.cpp">
      <Filter>Source Files</Filter>
    </ClCompile>
    <ClCompile Include="G:\ythpt\libecl-datapro-py\ecllib\ecl\lib\ecl\ecl_file_kw.cpp">
      <Filter>Source Files</Filter>
    </ClCompile>
    <ClCompile Include="G:\ythpt\libecl-datapro-py\ecllib\ecl\lib\ecl\ecl_file_view.cpp">
      <Filter>Source Files</Filter>
    </ClCompile>
    <ClCompile Include="G:\ythpt\libecl-datapro-py\ecllib\ecl\lib\ecl\ecl_grav.cpp">
      <Filter>Source Files</Filter>
    </ClCompile>
    <ClCompile Include="G:\ythpt\libecl-datapro-py\ecllib\ecl\lib\ecl\ecl_grav_calc.cpp">
      <Filter>Source Files</Filter>
    </ClCompile>
    <ClCompile Include="G:\ythpt\libecl-datapro-py\ecllib\ecl\lib\ecl\ecl_smspec.cpp">
      <Filter>Source Files</Filter>
    </ClCompile>
    <ClCompile Include="G:\ythpt\libecl-datapro-py\ecllib\ecl\lib\ecl\ecl_unsmry_loader.cpp">
      <Filter>Source Files</Filter>
    </ClCompile>
    <ClCompile Include="G:\ythpt\libecl-datapro-py\ecllib\ecl\lib\ecl\ecl_sum_data.cpp">
      <Filter>Source Files</Filter>
    </ClCompile>
    <ClCompile Include="G:\ythpt\libecl-datapro-py\ecllib\ecl\lib\ecl\ecl_sum_file_data.cpp">
      <Filter>Source Files</Filter>
    </ClCompile>
    <ClCompile Include="G:\ythpt\libecl-datapro-py\ecllib\ecl\lib\ecl\ecl_util.cpp">
      <Filter>Source Files</Filter>
    </ClCompile>
    <ClCompile Include="G:\ythpt\libecl-datapro-py\ecllib\ecl\lib\ecl\ecl_kw.cpp">
      <Filter>Source Files</Filter>
    </ClCompile>
    <ClCompile Include="G:\ythpt\libecl-datapro-py\ecllib\ecl\lib\ecl\ecl_sum.cpp">
      <Filter>Source Files</Filter>
    </ClCompile>
    <ClCompile Include="G:\ythpt\libecl-datapro-py\ecllib\ecl\lib\ecl\ecl_sum_vector.cpp">
      <Filter>Source Files</Filter>
    </ClCompile>
    <ClCompile Include="G:\ythpt\libecl-datapro-py\ecllib\ecl\lib\ecl\fortio.c">
      <Filter>Source Files</Filter>
    </ClCompile>
    <ClCompile Include="G:\ythpt\libecl-datapro-py\ecllib\ecl\lib\ecl\ecl_rft_file.cpp">
      <Filter>Source Files</Filter>
    </ClCompile>
    <ClCompile Include="G:\ythpt\libecl-datapro-py\ecllib\ecl\lib\ecl\ecl_rft_node.cpp">
      <Filter>Source Files</Filter>
    </ClCompile>
    <ClCompile Include="G:\ythpt\libecl-datapro-py\ecllib\ecl\lib\ecl\ecl_rft_cell.cpp">
      <Filter>Source Files</Filter>
    </ClCompile>
    <ClCompile Include="G:\ythpt\libecl-datapro-py\ecllib\ecl\lib\ecl\ecl_grid.cpp">
      <Filter>Source Files</Filter>
    </ClCompile>
    <ClCompile Include="G:\ythpt\libecl-datapro-py\ecllib\ecl\lib\ecl\ecl_coarse_cell.cpp">
      <Filter>Source Files</Filter>
    </ClCompile>
    <ClCompile Include="G:\ythpt\libecl-datapro-py\ecllib\ecl\lib\ecl\ecl_box.cpp">
      <Filter>Source Files</Filter>
    </ClCompile>
    <ClCompile Include="G:\ythpt\libecl-datapro-py\ecllib\ecl\lib\ecl\ecl_io_config.cpp">
      <Filter>Source Files</Filter>
    </ClCompile>
    <ClCompile Include="G:\ythpt\libecl-datapro-py\ecllib\ecl\lib\ecl\ecl_file.cpp">
      <Filter>Source Files</Filter>
    </ClCompile>
    <ClCompile Include="G:\ythpt\libecl-datapro-py\ecllib\ecl\lib\ecl\ecl_region.cpp">
      <Filter>Source Files</Filter>
    </ClCompile>
    <ClCompile Include="G:\ythpt\libecl-datapro-py\ecllib\ecl\lib\ecl\ecl_subsidence.cpp">
      <Filter>Source Files</Filter>
    </ClCompile>
    <ClCompile Include="G:\ythpt\libecl-datapro-py\ecllib\ecl\lib\ecl\ecl_grid_dims.cpp">
      <Filter>Source Files</Filter>
    </ClCompile>
    <ClCompile Include="G:\ythpt\libecl-datapro-py\ecllib\ecl\lib\ecl\grid_dims.cpp">
      <Filter>Source Files</Filter>
    </ClCompile>
    <ClCompile Include="G:\ythpt\libecl-datapro-py\ecllib\ecl\lib\ecl\nnc_info.cpp">
      <Filter>Source Files</Filter>
    </ClCompile>
    <ClCompile Include="G:\ythpt\libecl-datapro-py\ecllib\ecl\lib\ecl\ecl_grav_common.cpp">
      <Filter>Source Files</Filter>
    </ClCompile>
    <ClCompile Include="G:\ythpt\libecl-datapro-py\ecllib\ecl\lib\ecl\nnc_vector.cpp">
      <Filter>Source Files</Filter>
    </ClCompile>
    <ClCompile Include="G:\ythpt\libecl-datapro-py\ecllib\ecl\lib\ecl\ecl_nnc_export.cpp">
      <Filter>Source Files</Filter>
    </ClCompile>
    <ClCompile Include="G:\ythpt\libecl-datapro-py\ecllib\ecl\lib\ecl\ecl_nnc_data.cpp">
      <Filter>Source Files</Filter>
    </ClCompile>
    <ClCompile Include="G:\ythpt\libecl-datapro-py\ecllib\ecl\lib\ecl\ecl_nnc_geometry.cpp">
      <Filter>Source Files</Filter>
    </ClCompile>
    <ClCompile Include="G:\ythpt\libecl-datapro-py\ecllib\ecl\lib\ecl\layer.cpp">
      <Filter>Source Files</Filter>
    </ClCompile>
    <ClCompile Include="G:\ythpt\libecl-datapro-py\ecllib\ecl\lib\ecl\fault_block.cpp">
      <Filter>Source Files</Filter>
    </ClCompile>
    <ClCompile Include="G:\ythpt\libecl-datapro-py\ecllib\ecl\lib\ecl\fault_block_layer.cpp">
      <Filter>Source Files</Filter>
    </ClCompile>
    <ClCompile Include="G:\ythpt\libecl-datapro-py\ecllib\ecl\lib\ecl\ecl_type.cpp">
      <Filter>Source Files</Filter>
    </ClCompile>
    <ClCompile Include="G:\ythpt\libecl-datapro-py\ecllib\ecl\lib\ecl\ecl_type_python.cpp">
      <Filter>Source Files</Filter>
    </ClCompile>
    <ClCompile Include="G:\ythpt\libecl-datapro-py\ecllib\ecl\lib\ecl\well_state.cpp">
      <Filter>Source Files</Filter>
    </ClCompile>
    <ClCompile Include="G:\ythpt\libecl-datapro-py\ecllib\ecl\lib\ecl\well_conn.cpp">
      <Filter>Source Files</Filter>
    </ClCompile>
    <ClCompile Include="G:\ythpt\libecl-datapro-py\ecllib\ecl\lib\ecl\well_info.cpp">
      <Filter>Source Files</Filter>
    </ClCompile>
    <ClCompile Include="G:\ythpt\libecl-datapro-py\ecllib\ecl\lib\ecl\well_ts.cpp">
      <Filter>Source Files</Filter>
    </ClCompile>
    <ClCompile Include="G:\ythpt\libecl-datapro-py\ecllib\ecl\lib\ecl\well_conn_collection.cpp">
      <Filter>Source Files</Filter>
    </ClCompile>
    <ClCompile Include="G:\ythpt\libecl-datapro-py\ecllib\ecl\lib\ecl\well_segment.cpp">
      <Filter>Source Files</Filter>
    </ClCompile>
    <ClCompile Include="G:\ythpt\libecl-datapro-py\ecllib\ecl\lib\ecl\well_segment_collection.cpp">
      <Filter>Source Files</Filter>
    </ClCompile>
    <ClCompile Include="G:\ythpt\libecl-datapro-py\ecllib\ecl\lib\ecl\well_branch_collection.cpp">
      <Filter>Source Files</Filter>
    </ClCompile>
    <ClCompile Include="G:\ythpt\libecl-datapro-py\ecllib\ecl\lib\ecl\well_rseg_loader.cpp">
      <Filter>Source Files</Filter>
    </ClCompile>
    <ClCompile Include="G:\ythpt\libecl-datapro-py\ecllib\ecl\lib\ecl\FortIO.cpp">
      <Filter>Source Files</Filter>
    </ClCompile>
    <ClCompile Include="G:\ythpt\libecl-datapro-py\ecllib\ecl\lib\ecl\EclFilename.cpp">
      <Filter>Source Files</Filter>
    </ClCompile>
    <ClCompile Include="G:\ythpt\libecl-datapro-py\ecllib\ecl\lib\geometry\geo_surface.cpp">
      <Filter>Source Files</Filter>
    </ClCompile>
    <ClCompile Include="G:\ythpt\libecl-datapro-py\ecllib\ecl\lib\geometry\geo_util.cpp">
      <Filter>Source Files</Filter>
    </ClCompile>
    <ClCompile Include="G:\ythpt\libecl-datapro-py\ecllib\ecl\lib\geometry\geo_pointset.cpp">
      <Filter>Source Files</Filter>
    </ClCompile>
    <ClCompile Include="G:\ythpt\libecl-datapro-py\ecllib\ecl\lib\geometry\geo_region.cpp">
      <Filter>Source Files</Filter>
    </ClCompile>
    <ClCompile Include="G:\ythpt\libecl-datapro-py\ecllib\ecl\lib\geometry\geo_polygon.cpp">
      <Filter>Source Files</Filter>
    </ClCompile>
    <ClCompile Include="G:\ythpt\libecl-datapro-py\ecllib\ecl\lib\geometry\geo_polygon_collection.cpp">
      <Filter>Source Files</Filter>
    </ClCompile>
  </ItemGroup>
  <ItemGroup>
    <CustomBuild Include="G:\ythpt\libecl-datapro-py\ecllib\ecl\lib\CMakeLists.txt" />
  </ItemGroup>
  <ItemGroup>
    <Filter Include="Source Files">
      <UniqueIdentifier>{4626887B-AAE4-349B-B547-55F3CA4A6D2F}</UniqueIdentifier>
    </Filter>
  </ItemGroup>
</Project>
